// !$*UTF8*$!
{
	archiveVersion = 1;
	classes = {
	};
	objectVersion = 63;
	objects = {

/* Begin PBXBuildFile section */
		000401FF0AADED40B01657D4 /* ActionCardsSection.swift in Sources */ = {isa = PBXBuildFile; fileRef = F978F22FCAD104AFEB5A79DB /* ActionCardsSection.swift */; };
		B4A1C2D3E4F5061728394A5B /* HealthDataStore.swift in Sources */ = {isa = PBXBuildFile; fileRef = C5B2D3E4F5061728394A5B6C /* HealthDataStore.swift */; };
		02088209531D7F8203143BBE /* SleepCard.swift in Sources */ = {isa = PBXBuildFile; fileRef = 9EE3D24D56D4FF0A64BA0321 /* SleepCard.swift */; };
		04EE4360E3E7921F23FE58C9 /* WebExportViewModel.swift in Sources */ = {isa = PBXBuildFile; fileRef = F5BC756F69A9FE2C7DE1C298 /* WebExportViewModel.swift */; };
		052004385F335A3BC351DDC0 /* FeedbackSheet.swift in Sources */ = {isa = PBXBuildFile; fileRef = 875E5644CBFE4833921C057E /* FeedbackSheet.swift */; };
		0825D70B8EA6433B2925AB1B /* ReportTemplate.swift in Sources */ = {isa = PBXBuildFile; fileRef = 18995389F66C775115FE7B33 /* ReportTemplate.swift */; };
		099BF19D125B7D14164B3320 /* AnalysisEngine.swift in Sources */ = {isa = PBXBuildFile; fileRef = 7C147C71560B1AD4933882E5 /* AnalysisEngine.swift */; };
		0ABED1C74BED10F14598826D /* SettingsView.swift in Sources */ = {isa = PBXBuildFile; fileRef = 3C589A8A37D2C34A66A66C26 /* SettingsView.swift */; };
		0F936D71A6745AAD2BF214E5 /* Date+Extensions.swift in Sources */ = {isa = PBXBuildFile; fileRef = A0A12061DC73AA4746DA1D13 /* Date+Extensions.swift */; };
		10D0C08519F277EF7FBC3741 /* values.txt in Resources */ = {isa = PBXBuildFile; fileRef = CD0C32A7AEE4A821118D57D7 /* values.txt */; };
		114255FEDB7FDC29E8208926 /* FocusAreasSection.swift in Sources */ = {isa = PBXBuildFile; fileRef = 3FF4180D7FEC1853F0B00F79 /* FocusAreasSection.swift */; };
		11973D668784A8CF7FDAE2B2 /* FrequencyCapManager.swift in Sources */ = {isa = PBXBuildFile; fileRef = BB4B38A39ECF9EDAF3EABE37 /* FrequencyCapManager.swift */; };
		1978792F2C4D3FD0F8E045F8 /* HealthKitQueryBuilder.swift in Sources */ = {isa = PBXBuildFile; fileRef = 187345F5C9D8A3E6D1B6FCB8 /* HealthKitQueryBuilder.swift */; };
		1BEC02160204DA5E0F275D8D /* CorrelationAnalyzer.swift in Sources */ = {isa = PBXBuildFile; fileRef = FBEF954BF9638721771548FD /* CorrelationAnalyzer.swift */; };
		1DA2246CF2944D4B84D8A733 /* Collection+Statistics.swift in Sources */ = {isa = PBXBuildFile; fileRef = 3D196A7FC4F808CD604F51CD /* Collection+Statistics.swift */; };
		1EEEA8E3541DF51EE16406F7 /* RulesConfiguration.swift in Sources */ = {isa = PBXBuildFile; fileRef = A85183A8FD623ED661195C1D /* RulesConfiguration.swift */; };
		1F95B8D564A0F94153271103 /* TimeRangeSelector.swift in Sources */ = {isa = PBXBuildFile; fileRef = 7CF183D68C3977E2436A2CE4 /* TimeRangeSelector.swift */; };
		202D80E10EC59F9CFC4DAEA0 /* MetricDetailViewModel.swift in Sources */ = {isa = PBXBuildFile; fileRef = AE979866642C58D7CC1E2D20 /* MetricDetailViewModel.swift */; };
		2241B5EFAC0AF4DE9F2720B5 /* Severity.swift in Sources */ = {isa = PBXBuildFile; fileRef = 3823787D015F239AFD706F4B /* Severity.swift */; };
		23946B348164F26310BFDC6A /* LiveViewModel.swift in Sources */ = {isa = PBXBuildFile; fileRef = C1D0D6E696648B66D83CA0F6 /* LiveViewModel.swift */; };
		2AC136549CE3925D58832F4B /* SampleDataProvider.swift in Sources */ = {isa = PBXBuildFile; fileRef = 79D307F2173910B0A37FB5E9 /* SampleDataProvider.swift */; };
		2E52654793C791C7D17290E1 /* SessionTracker.swift in Sources */ = {isa = PBXBuildFile; fileRef = 090582BC4080434BB854B76C /* SessionTracker.swift */; };
		3232F287CD8399F46204F71B /* SleepPerformanceAnalyzer.swift in Sources */ = {isa = PBXBuildFile; fileRef = 53D06050FC363373F86388B7 /* SleepPerformanceAnalyzer.swift */; };
		336798DBA725DB5F6CA4750A /* HomeView.swift in Sources */ = {isa = PBXBuildFile; fileRef = BE89F23BCF8C78C43EF02806 /* HomeView.swift */; };
		RC0V01D3E5F6071812345001 /* RecoveryInfoSheet.swift in Sources */ = {isa = PBXBuildFile; fileRef = RC0V01F3E5F6071812345001 /* RecoveryInfoSheet.swift */; };
		SC0G01D3E5F6071812345001 /* ScoreGuideSheet.swift in Sources */ = {isa = PBXBuildFile; fileRef = SC0G01F3E5F6071812345001 /* ScoreGuideSheet.swift */; };
		35739B15E146FD7C5DD05500 /* ConnectedDevicesView.swift in Sources */ = {isa = PBXBuildFile; fileRef = 2D47CC3DA4706CBBFCA45DBB /* ConnectedDevicesView.swift */; };
		3666EC6E2CD0DBD8DCC5600D /* HealthScore.swift in Sources */ = {isa = PBXBuildFile; fileRef = 1CA1197FB7924596AE0FB1B3 /* HealthScore.swift */; };
		3C26F7D4A54DF11714EA0B4C /* MetricTimeSeries.swift in Sources */ = {isa = PBXBuildFile; fileRef = AEB6FD13F69A1C4D05BA9C00 /* MetricTimeSeries.swift */; };
		3C8D1F52E6B4A70938DC5E7B /* CorrelationsView.swift in Sources */ = {isa = PBXBuildFile; fileRef = 7F2B8E46D1A39C50F87E64BA /* CorrelationsView.swift */; };
		3DF5BB8E4DDDC949216EDAD5 /* TrendAnalyzer.swift in Sources */ = {isa = PBXBuildFile; fileRef = D831542D1DF88ADF75D61259 /* TrendAnalyzer.swift */; };
		407D1A5EA7E94FC63EF684A7 /* DashboardViewModel.swift in Sources */ = {isa = PBXBuildFile; fileRef = BCDF8A90608885A74AE97072 /* DashboardViewModel.swift */; };
		42878B22DB80B2F30672FE3E /* ExploreView.swift in Sources */ = {isa = PBXBuildFile; fileRef = 4859105FDEEF4B7F347A9D65 /* ExploreView.swift */; };
		445CBC6724623FC3ADE412BB /* HealthScorer.swift in Sources */ = {isa = PBXBuildFile; fileRef = 1D16F5DEFE599901E791BDB5 /* HealthScorer.swift */; };
		44668A325618FCCEEAD03601 /* DeviceSetupGuideView.swift in Sources */ = {isa = PBXBuildFile; fileRef = DC44ABE94B394F43210D39AC /* DeviceSetupGuideView.swift */; };
		4C74C8095C6D8CCC4A992123 /* PatternCard.swift in Sources */ = {isa = PBXBuildFile; fileRef = B5AC32CCDA92931FFD3ED248 /* PatternCard.swift */; };
		4DF5FD88DB54D5B9C4A211D6 /* CategoryDetailView.swift in Sources */ = {isa = PBXBuildFile; fileRef = 1A095404C0C0B69F38FFD17F /* CategoryDetailView.swift */; };
		4E605AB07A30B9DC850D70B0 /* WeeklySummaryScheduler.swift in Sources */ = {isa = PBXBuildFile; fileRef = B69DBEF9B8C73BB52502BFFC /* WeeklySummaryScheduler.swift */; };
		510B39210FAAFFF763751001 /* ContentView.swift in Sources */ = {isa = PBXBuildFile; fileRef = CFAEA2D55EB2FBC71714A653 /* ContentView.swift */; };
		571C07FA430DAA198FC73588 /* FeedbackPromptManager.swift in Sources */ = {isa = PBXBuildFile; fileRef = 5BDFE796A4164EAF5B516AEB /* FeedbackPromptManager.swift */; };
		5785F68CE414ADA7941A8C52 /* TrendDirection.swift in Sources */ = {isa = PBXBuildFile; fileRef = D74888150504AB62B6BC174C /* TrendDirection.swift */; };
		589D2FED91E1EB48EFAC6261 /* UserBaseline.swift in Sources */ = {isa = PBXBuildFile; fileRef = A38F981323AA745B14093958 /* UserBaseline.swift */; };
		5A6CE414C3B27FB2666E9C4A /* ConnectedDevicesViewModel.swift in Sources */ = {isa = PBXBuildFile; fileRef = FE3EE68580AA36C641A7393A /* ConnectedDevicesViewModel.swift */; };
		5BBF461D49DC29339CA792EE /* PersistenceManager.swift in Sources */ = {isa = PBXBuildFile; fileRef = 1748830A3C5C9B2C4B821B16 /* PersistenceManager.swift */; };
		5BE953C2CB157CC61AA66EA3 /* HealthRiskDetailView.swift in Sources */ = {isa = PBXBuildFile; fileRef = A81D7BD7EBC7DA97F93A3F66 /* HealthRiskDetailView.swift */; };
		5C297BDDFF5374E7525051EC /* LiveView.swift in Sources */ = {isa = PBXBuildFile; fileRef = 12D63BD9F792D775D3170CC2 /* LiveView.swift */; };
		62E1A4B87C3D95F0A6D82B1E /* CorrelationsSection.swift in Sources */ = {isa = PBXBuildFile; fileRef = D93A5E8F17C42B60E4F8A3D1 /* CorrelationsSection.swift */; };
		642B207288AEA3FFD5B0BC63 /* RecoveryAnalyzer.swift in Sources */ = {isa = PBXBuildFile; fileRef = CD50AAE154719090048DF3E2 /* RecoveryAnalyzer.swift */; };
		6B68269A12B583505AC4B013 /* WeeklyPatternAnalyzer.swift in Sources */ = {isa = PBXBuildFile; fileRef = 84920AA0B0BAD65B323468E0 /* WeeklyPatternAnalyzer.swift */; };
		6DCB867FBD31DCCBDECF9C52 /* CategoryDetailViewModel.swift in Sources */ = {isa = PBXBuildFile; fileRef = 724F2D92DE95C651D54AB01B /* CategoryDetailViewModel.swift */; };
		72CBF61AECB1A877DA61CE93 /* GoogleService-Info.plist in Resources */ = {isa = PBXBuildFile; fileRef = 8130C8A74E54AE78393D3D74 /* GoogleService-Info.plist */; };
		752AE6A2E42E9E62A8144A0B /* AnomalyDetector.swift in Sources */ = {isa = PBXBuildFile; fileRef = 36DFE311801B14F79285B6BE /* AnomalyDetector.swift */; };
		7898769248ED9E10E011A532 /* BaselineCalculator.swift in Sources */ = {isa = PBXBuildFile; fileRef = EBDE9B00704B16D8F8D55649 /* BaselineCalculator.swift */; };
		7A60C76E99D1878A23B6A18E /* InsightGenerator.swift in Sources */ = {isa = PBXBuildFile; fileRef = AA6AA95BCF0971B533299AD2 /* InsightGenerator.swift */; };
		80026655386670641F71E54A /* SeverityBadge.swift in Sources */ = {isa = PBXBuildFile; fileRef = FF35C1AEF3CC68D59F22FB41 /* SeverityBadge.swift */; };
		8301D008755999181C847054 /* StatisticsGrid.swift in Sources */ = {isa = PBXBuildFile; fileRef = CCC8EDD113328305A89EFB85 /* StatisticsGrid.swift */; };
		8465B9DFD8DD5C20924D8BE4 /* CoachGreetingView.swift in Sources */ = {isa = PBXBuildFile; fileRef = 540A9FC7CEE865985F272489 /* CoachGreetingView.swift */; };
		51540B41FFE167D3C050C23F /* CoachGoalsSection.swift in Sources */ = {isa = PBXBuildFile; fileRef = D5D278C360A3913CB74B4B5A /* CoachGoalsSection.swift */; };
		84D0FD3CD9218F371D32A81F /* HealthMetric.swift in Sources */ = {isa = PBXBuildFile; fileRef = CE8179C058000EE1F6531E0C /* HealthMetric.swift */; };
		8B3F62D1A4C97E05F1B286CA /* HealthCorrelation.swift in Sources */ = {isa = PBXBuildFile; fileRef = 4A7E91B3C2D85F06E3A14D9B /* HealthCorrelation.swift */; };
		92BC085F0F66295F8221BE88 /* MetricChartView.swift in Sources */ = {isa = PBXBuildFile; fileRef = 386D956FFA31A24C5784E847 /* MetricChartView.swift */; };
		96BBA163882B87B9A552E1E7 /* SupportedDevice.swift in Sources */ = {isa = PBXBuildFile; fileRef = 391756FFDD3E57F3DC5BAB6B /* SupportedDevice.swift */; };
		9CD90616A76A0279E781C75B /* MetricSample.swift in Sources */ = {isa = PBXBuildFile; fileRef = 3826F990FCA6BA8F63C2D597 /* MetricSample.swift */; };
		A1B2C3D4E5F6071812345002 /* SubscriptionManager.swift in Sources */ = {isa = PBXBuildFile; fileRef = A1B2C3D4E5F6071812345001 /* SubscriptionManager.swift */; };
		A1B2C3D4E5F6071812345004 /* SubscriptionConfig.swift in Sources */ = {isa = PBXBuildFile; fileRef = A1B2C3D4E5F6071812345003 /* SubscriptionConfig.swift */; };
		A1B2C3D4E5F6071812345006 /* PaywallView.swift in Sources */ = {isa = PBXBuildFile; fileRef = A1B2C3D4E5F6071812345005 /* PaywallView.swift */; };
		A1B2C3D4E5F6071812345009 /* RemoteConfigManager.swift in Sources */ = {isa = PBXBuildFile; fileRef = A1B2C3D4E5F6071812345008 /* RemoteConfigManager.swift */; };
		A1B2C3D4E5F6A1B2C3D40002 /* AppKeys.swift in Sources */ = {isa = PBXBuildFile; fileRef = A1B2C3D4E5F6A1B2C3D40001 /* AppKeys.swift */; };
		A1B2C3D4E5F6A1B2C3D40004 /* FeatureGate.swift in Sources */ = {isa = PBXBuildFile; fileRef = A1B2C3D4E5F6A1B2C3D40003 /* FeatureGate.swift */; };
		A1B2C3D4E5F6A1B2C3D40006 /* ThermalManager.swift in Sources */ = {isa = PBXBuildFile; fileRef = A1B2C3D4E5F6A1B2C3D40005 /* ThermalManager.swift */; };
		D5E6F7A8B9C0D5E6F7A80002 /* DesignSystem.swift in Sources */ = {isa = PBXBuildFile; fileRef = D5E6F7A8B9C0D5E6F7A80001 /* DesignSystem.swift */; };
		A1D93F47B8E62C10D4F5A7B2 /* OnboardingView.swift in Sources */ = {isa = PBXBuildFile; fileRef = E7B42A19F3D18C05A92E6D4F /* OnboardingView.swift */; };
		A2EBB41C493BD4BCF809BA7A /* WorkoutEffectivenessAnalyzer.swift in Sources */ = {isa = PBXBuildFile; fileRef = DD947BF688F7B5F398D7E9FD /* WorkoutEffectivenessAnalyzer.swift */; };
		A3D387E5C8702DB2CEDB690D /* AlertEvaluator.swift in Sources */ = {isa = PBXBuildFile; fileRef = 3D5096C22B6F3AB852F5E2EF /* AlertEvaluator.swift */; };
		A3EE20518D6FA4A81069FC5D /* PeriodSummarySection.swift in Sources */ = {isa = PBXBuildFile; fileRef = F43429261BE644C3EACA8620 /* PeriodSummarySection.swift */; };
		A4B2B919FB3D1957C58AF899 /* HTMLReportGenerator.swift in Sources */ = {isa = PBXBuildFile; fileRef = 2F95FB00C49E1EB4BE11CDAA /* HTMLReportGenerator.swift */; };
		A7CB64E2140A793DD0258993 /* MetricDetailView.swift in Sources */ = {isa = PBXBuildFile; fileRef = 59AFB7BF706251B5AA4B10B3 /* MetricDetailView.swift */; };
		A7CB64E2140A793DD0259001 /* MetricLogSheet.swift in Sources */ = {isa = PBXBuildFile; fileRef = 59AFB7BF706251B5AA4B1001 /* MetricLogSheet.swift */; };
		A83908D9EE2AE59D575C250C /* AppDelegate.swift in Sources */ = {isa = PBXBuildFile; fileRef = A260467379612091A6B0F24B /* AppDelegate.swift */; };
		AAD4C0915EACE9877AE53731 /* CustomTabBar.swift in Sources */ = {isa = PBXBuildFile; fileRef = 816F82CFA63FB0FE6C771713 /* CustomTabBar.swift */; };
		B1A2C3D4E5F60718A9B0C1D2 /* WeeklyChallenge.swift in Sources */ = {isa = PBXBuildFile; fileRef = D2C1B0A9081706F5E4D3C2A1 /* WeeklyChallenge.swift */; };
		B2E9DCA1991FB5FB0A1BD8B6 /* LoadingView.swift in Sources */ = {isa = PBXBuildFile; fileRef = 9D418CA7C1389DB583EEE75D /* LoadingView.swift */; };
		B873E7ECCE3F6F37CDC4311B /* HealthScoreRing.swift in Sources */ = {isa = PBXBuildFile; fileRef = 02889FC7AED277F3E00C8B52 /* HealthScoreRing.swift */; };
		B95A601E010A5216E6976D8F /* ChartJSBundle.swift in Sources */ = {isa = PBXBuildFile; fileRef = 691FD589D26D1E8E16222836 /* ChartJSBundle.swift */; };
		BB6797AF7093F2DBF7EF1DC7 /* Insight.swift in Sources */ = {isa = PBXBuildFile; fileRef = 664681EF36E9FD6861C8B5D7 /* Insight.swift */; };
		BB7EEBB01BA59E9241710A96 /* HealthKitManager.swift in Sources */ = {isa = PBXBuildFile; fileRef = A0FEFA8B2E9C3EAD5191FC58 /* HealthKitManager.swift */; };
		BD2A1EF7B9AC522C9B4A8705 /* InsightsDetailView.swift in Sources */ = {isa = PBXBuildFile; fileRef = 15C73B51378D21F6766E7668 /* InsightsDetailView.swift */; };
		BFB56FD64DA4AB39B1E40BA3 /* TimeSeriesAligner.swift in Sources */ = {isa = PBXBuildFile; fileRef = FF1B95F7225327D77ECBD985 /* TimeSeriesAligner.swift */; };
		C09FBA6AB73AE7FF59FAA9A6 /* PersonalRecordAnalyzer.swift in Sources */ = {isa = PBXBuildFile; fileRef = C4CE7C2FDBCFFE781B01B4B9 /* PersonalRecordAnalyzer.swift */; };
		C1B5D5B3C703FD2727EFE5A0 /* NotificationManager.swift in Sources */ = {isa = PBXBuildFile; fileRef = 796E420E97993725432653BA /* NotificationManager.swift */; };
		C2B3D4E5F6071829B0C1D2E3 /* WeeklyReviewViewModel.swift in Sources */ = {isa = PBXBuildFile; fileRef = E3D2C1B0A918270F5E4D3C2B /* WeeklyReviewViewModel.swift */; };
		C4AFC00F7BE2F2026D3F4D68 /* ActionCard.swift in Sources */ = {isa = PBXBuildFile; fileRef = 8AD419B0E2DDFF1B068F480E /* ActionCard.swift */; };
		C611E934A36A23C81BBDDD8B /* DeviceSourceManager.swift in Sources */ = {isa = PBXBuildFile; fileRef = 82AE14799DFE089F5E8F874C /* DeviceSourceManager.swift */; };
		C993BD032930C85C51752FED /* Assets.xcassets in Resources */ = {isa = PBXBuildFile; fileRef = CC25CC97AEB047A42CFD2FA7 /* Assets.xcassets */; };
		CD6A786F424A1EDAD8C0915B /* HealthRisk.swift in Sources */ = {isa = PBXBuildFile; fileRef = FB35CFAF74FA5E68DD4EBCE4 /* HealthRisk.swift */; };
		CD96EC9A0B58F0BAE56675FD /* BodyInsightsSection.swift in Sources */ = {isa = PBXBuildFile; fileRef = 87FD655D1ED1E49C55293DD4 /* BodyInsightsSection.swift */; };
		D3C4E5F607182A30C1D2E3F4 /* WeeklyReviewView.swift in Sources */ = {isa = PBXBuildFile; fileRef = F4E3D2C1B0A9382017E5D4C3 /* WeeklyReviewView.swift */; };
		D4C63D2A9E928736C1CD6040 /* AppAnalytics.swift in Sources */ = {isa = PBXBuildFile; fileRef = 629618CFCAA39621B43158A8 /* AppAnalytics.swift */; };
		D9B616C68A9D620FCD634DD6 /* DailySummaryScheduler.swift in Sources */ = {isa = PBXBuildFile; fileRef = 25AA9F4078B6E2B0ABE0ACC5 /* DailySummaryScheduler.swift */; };
		DD665ED61DC41E5020E97D74 /* DataSourceBadge.swift in Sources */ = {isa = PBXBuildFile; fileRef = E05DC7C028B652C5A152BCDB /* DataSourceBadge.swift */; };
		DF2F2BDB18160AE458E6911A /* HealthRiskEngine.swift in Sources */ = {isa = PBXBuildFile; fileRef = 52C5FA0AC1DF45B09601C7C0 /* HealthRiskEngine.swift */; };
		E1A2B3C4D5E6F7081234ABCE /* WatchMonitor.swift in Sources */ = {isa = PBXBuildFile; fileRef = E1A2B3C4D5E6F7081234ABCD /* WatchMonitor.swift */; };
		RE0010000000000000000002 /* ReengagementScheduler.swift in Sources */ = {isa = PBXBuildFile; fileRef = RE0010000000000000000001 /* ReengagementScheduler.swift */; };
		SI0010000000000000000002 /* HealthScoreIntent.swift in Sources */ = {isa = PBXBuildFile; fileRef = SI0010000000000000000001 /* HealthScoreIntent.swift */; };
		SI0020000000000000000002 /* LogWaterIntent.swift in Sources */ = {isa = PBXBuildFile; fileRef = SI0020000000000000000001 /* LogWaterIntent.swift */; };
		SI0030000000000000000002 /* SleepSummaryIntent.swift in Sources */ = {isa = PBXBuildFile; fileRef = SI0030000000000000000001 /* SleepSummaryIntent.swift */; };
		SI0040000000000000000002 /* ReadinessIntent.swift in Sources */ = {isa = PBXBuildFile; fileRef = SI0040000000000000000001 /* ReadinessIntent.swift */; };
		SI0050000000000000000002 /* ShowTrendsIntent.swift in Sources */ = {isa = PBXBuildFile; fileRef = SI0050000000000000000001 /* ShowTrendsIntent.swift */; };
		SI0060000000000000000002 /* LogWorkoutIntent.swift in Sources */ = {isa = PBXBuildFile; fileRef = SI0060000000000000000001 /* LogWorkoutIntent.swift */; };
		SI0070000000000000000002 /* WorkoutTypeAppEnum.swift in Sources */ = {isa = PBXBuildFile; fileRef = SI0070000000000000000001 /* WorkoutTypeAppEnum.swift */; };
		SI0080000000000000000002 /* IntentSnippetViews.swift in Sources */ = {isa = PBXBuildFile; fileRef = SI0080000000000000000001 /* IntentSnippetViews.swift */; };
		SI0090000000000000000002 /* IntentDataProvider.swift in Sources */ = {isa = PBXBuildFile; fileRef = SI0090000000000000000001 /* IntentDataProvider.swift */; };
		SI0100000000000000000002 /* IntentDonationManager.swift in Sources */ = {isa = PBXBuildFile; fileRef = SI0100000000000000000001 /* IntentDonationManager.swift */; };
		SI0110000000000000000002 /* HealthPulseShortcutsProvider.swift in Sources */ = {isa = PBXBuildFile; fileRef = SI0110000000000000000001 /* HealthPulseShortcutsProvider.swift */; };
		ED365DC524595A3E75820B9B /* AppTab.swift in Sources */ = {isa = PBXBuildFile; fileRef = 38C8B1B2721A86DF6305D5BE /* AppTab.swift */; };
		F0718385055A5C796633EE10 /* ConnectedDeviceInfo.swift in Sources */ = {isa = PBXBuildFile; fileRef = 5827B420D1FD0325FE028282 /* ConnectedDeviceInfo.swift */; };
		F3ADAAE50EB935144DD0AED0 /* DeviceDetailView.swift in Sources */ = {isa = PBXBuildFile; fileRef = 665F4B99E035582C345F6F71 /* DeviceDetailView.swift */; };
		F479062A1BBC6C0917707709 /* PrivacyInfo.xcprivacy in Resources */ = {isa = PBXBuildFile; fileRef = C78750704CE766C4F10D4F3F /* PrivacyInfo.xcprivacy */; };
		F50F037FBB87C39594B74063 /* HealthCategory.swift in Sources */ = {isa = PBXBuildFile; fileRef = 13A5CE433514CE2A9BA47EEB /* HealthCategory.swift */; };
		F6025BFDFF8FE702319AE9A7 /* HealthPulseApp.swift in Sources */ = {isa = PBXBuildFile; fileRef = FBBA4A8AA9CB8C8329773FDB /* HealthPulseApp.swift */; };
		FA12345678ABCDEF12345602 /* FirebaseAnalytics in Frameworks */ = {isa = PBXBuildFile; productRef = FA12345678ABCDEF12345601 /* FirebaseAnalytics */; };
		FA12345678ABCDEF12345612 /* FirebaseRemoteConfig in Frameworks */ = {isa = PBXBuildFile; productRef = FA12345678ABCDEF12345611 /* FirebaseRemoteConfig */; };
		FD40DB932CA77AD50E94E81D /* HealthKitMetricRegistry.swift in Sources */ = {isa = PBXBuildFile; fileRef = 0E5897F9E01DF1DD783F450C /* HealthKitMetricRegistry.swift */; };
		FD5174EF7814834BE4FDB853 /* NotificationPreferences.swift in Sources */ = {isa = PBXBuildFile; fileRef = 0A5C28150EA681F904CAAB60 /* NotificationPreferences.swift */; };
		SEC00100000000000000002 /* EncryptedStore.swift in Sources */ = {isa = PBXBuildFile; fileRef = SEC00100000000000000001 /* EncryptedStore.swift */; };
		ANL00100000000000000004 /* ScoreTrajectoryAnalyzer.swift in Sources */ = {isa = PBXBuildFile; fileRef = ANL00100000000000000001 /* ScoreTrajectoryAnalyzer.swift */; };
		ANL00100000000000000005 /* BaselineDriftDetector.swift in Sources */ = {isa = PBXBuildFile; fileRef = ANL00100000000000000002 /* BaselineDriftDetector.swift */; };
		ANL00100000000000000006 /* MultiMetricClusterAnalyzer.swift in Sources */ = {isa = PBXBuildFile; fileRef = ANL00100000000000000003 /* MultiMetricClusterAnalyzer.swift */; };
		HST00100000000000000002 /* HistoricalAnalyzer.swift in Sources */ = {isa = PBXBuildFile; fileRef = HST00100000000000000001 /* HistoricalAnalyzer.swift */; };
		IEW00100000000000000002 /* IllnessEarlyWarning.swift in Sources */ = {isa = PBXBuildFile; fileRef = IEW00100000000000000001 /* IllnessEarlyWarning.swift */; };
		CMA00100000000000000002 /* CrossMetricAnomalyDetector.swift in Sources */ = {isa = PBXBuildFile; fileRef = CMA00100000000000000001 /* CrossMetricAnomalyDetector.swift */; };
		CCE00100000000000000002 /* CausalChainEngine.swift in Sources */ = {isa = PBXBuildFile; fileRef = CCE00100000000000000001 /* CausalChainEngine.swift */; };
		CEA00100000000000000002 /* CognitiveEnergyAnalyzer.swift in Sources */ = {isa = PBXBuildFile; fileRef = CEA00100000000000000001 /* CognitiveEnergyAnalyzer.swift */; };
		FDDD14EED24B7DFA348D415B /* TrendBadge.swift in Sources */ = {isa = PBXBuildFile; fileRef = C14C4080D8F86D1D9FE887E9 /* TrendBadge.swift */; };
		FFCF2BEF13D3B81A68D9EF3B /* InsightCard.swift in Sources */ = {isa = PBXBuildFile; fileRef = AA30AD19F71C6BA2C98C876C /* InsightCard.swift */; };
		PRO00100000000000000002 /* ProFeatureOverlay.swift in Sources */ = {isa = PBXBuildFile; fileRef = PRO00100000000000000001 /* ProFeatureOverlay.swift */; };
		DSC00100000000000000002 /* Discovery.swift in Sources */ = {isa = PBXBuildFile; fileRef = DSC00100000000000000001 /* Discovery.swift */; };
		DSC00100000000000000004 /* DiscoveryEngine.swift in Sources */ = {isa = PBXBuildFile; fileRef = DSC00100000000000000003 /* DiscoveryEngine.swift */; };
		DSC00100000000000000006 /* DiscoveryView.swift in Sources */ = {isa = PBXBuildFile; fileRef = DSC00100000000000000005 /* DiscoveryView.swift */; };
		ML0010000000000000000011 /* MLTypes.swift in Sources */ = {isa = PBXBuildFile; fileRef = ML0010000000000000000001 /* MLTypes.swift */; };
		ML0010000000000000000012 /* AccelerateHelpers.swift in Sources */ = {isa = PBXBuildFile; fileRef = ML0010000000000000000002 /* AccelerateHelpers.swift */; };
		ML0010000000000000000013 /* FeatureEngine.swift in Sources */ = {isa = PBXBuildFile; fileRef = ML0010000000000000000003 /* FeatureEngine.swift */; };
		ML0010000000000000000014 /* TimeSeriesForecaster.swift in Sources */ = {isa = PBXBuildFile; fileRef = ML0010000000000000000004 /* TimeSeriesForecaster.swift */; };
		ML0010000000000000000015 /* AdaptiveAnomalyDetector.swift in Sources */ = {isa = PBXBuildFile; fileRef = ML0010000000000000000005 /* AdaptiveAnomalyDetector.swift */; };
		ML0010000000000000000016 /* PatternMiner.swift in Sources */ = {isa = PBXBuildFile; fileRef = ML0010000000000000000006 /* PatternMiner.swift */; };
		ML0010000000000000000017 /* CorrelationDiscovery.swift in Sources */ = {isa = PBXBuildFile; fileRef = ML0010000000000000000007 /* CorrelationDiscovery.swift */; };
		ML0010000000000000000018 /* HealthStateClassifier.swift in Sources */ = {isa = PBXBuildFile; fileRef = ML0010000000000000000008 /* HealthStateClassifier.swift */; };
		ML0010000000000000000019 /* PredictiveScorer.swift in Sources */ = {isa = PBXBuildFile; fileRef = ML0010000000000000000009 /* PredictiveScorer.swift */; };
		ML001000000000000000001A /* MLOrchestrator.swift in Sources */ = {isa = PBXBuildFile; fileRef = ML001000000000000000000A /* MLOrchestrator.swift */; };
		CB0010000000000000000001 /* BackupPayload.swift in Sources */ = {isa = PBXBuildFile; fileRef = CB0010000000000000000011 /* BackupPayload.swift */; };
		CB0010000000000000000002 /* CloudBackupManager.swift in Sources */ = {isa = PBXBuildFile; fileRef = CB0010000000000000000012 /* CloudBackupManager.swift */; };
		STK0020000000000000000B /* SectionTracker.swift in Sources */ = {isa = PBXBuildFile; fileRef = STK0020000000000000000F /* SectionTracker.swift */; };
		REV0020000000000000000B /* RecommendationEvaluator.swift in Sources */ = {isa = PBXBuildFile; fileRef = REV0020000000000000000F /* RecommendationEvaluator.swift */; };
		NTO0020000000000000000B /* NotificationOptimizer.swift in Sources */ = {isa = PBXBuildFile; fileRef = NTO0020000000000000000F /* NotificationOptimizer.swift */; };
		MIS0020000000000000001B /* HealthStateTimelineViewModel.swift in Sources */ = {isa = PBXBuildFile; fileRef = MIS0020000000000000001F /* HealthStateTimelineViewModel.swift */; };
		MIS0020000000000000002B /* SimulationViewModel.swift in Sources */ = {isa = PBXBuildFile; fileRef = MIS0020000000000000002F /* SimulationViewModel.swift */; };
		MIS0020000000000000003B /* ClinicalIntelligence.swift in Sources */ = {isa = PBXBuildFile; fileRef = MIS0020000000000000003F /* ClinicalIntelligence.swift */; };
		MIS0020000000000000004B /* NutritionCorrelationAnalyzer.swift in Sources */ = {isa = PBXBuildFile; fileRef = MIS0020000000000000004F /* NutritionCorrelationAnalyzer.swift */; };
		MIS0020000000000000005B /* AdherenceTracker.swift in Sources */ = {isa = PBXBuildFile; fileRef = MIS0020000000000000005F /* AdherenceTracker.swift */; };
		MIS0020000000000000006B /* SimulationEngine.swift in Sources */ = {isa = PBXBuildFile; fileRef = MIS0020000000000000006F /* SimulationEngine.swift */; };
		MIS0020000000000000007B /* SimulationTypes.swift in Sources */ = {isa = PBXBuildFile; fileRef = MIS0020000000000000007F /* SimulationTypes.swift */; };
		MIS0020000000000000008B /* ROIRanker.swift in Sources */ = {isa = PBXBuildFile; fileRef = MIS0020000000000000008F /* ROIRanker.swift */; };
		MIS0020000000000000009B /* AdherenceRecord.swift in Sources */ = {isa = PBXBuildFile; fileRef = MIS0020000000000000009F /* AdherenceRecord.swift */; };
		MIS002000000000000000AB /* SimulationView.swift in Sources */ = {isa = PBXBuildFile; fileRef = MIS002000000000000000AF /* SimulationView.swift */; };
		MIS002000000000000000BB /* HealthStateTimelineView.swift in Sources */ = {isa = PBXBuildFile; fileRef = MIS002000000000000000BF /* HealthStateTimelineView.swift */; };
		CIR0020000000000000000B /* CircadianAnalyzer.swift in Sources */ = {isa = PBXBuildFile; fileRef = CIR0020000000000000000F /* CircadianAnalyzer.swift */; };
		ECG0020000000000000001B /* StoredECGFeatures.swift in Sources */ = {isa = PBXBuildFile; fileRef = ECG0020000000000000001F /* StoredECGFeatures.swift */; };
		ECG0020000000000000002B /* ECGDataManager.swift in Sources */ = {isa = PBXBuildFile; fileRef = ECG0020000000000000002F /* ECGDataManager.swift */; };
		ECG0020000000000000003B /* ECGFeatureExtractor.swift in Sources */ = {isa = PBXBuildFile; fileRef = ECG0020000000000000003F /* ECGFeatureExtractor.swift */; };
		ECG0020000000000000004B /* ECGIntelligence.swift in Sources */ = {isa = PBXBuildFile; fileRef = ECG0020000000000000004F /* ECGIntelligence.swift */; };
/* End PBXBuildFile section */

/* Begin PBXFileReference section */
		02889FC7AED277F3E00C8B52 /* HealthScoreRing.swift */ = {isa = PBXFileReference; lastKnownFileType = sourcecode.swift; path = HealthScoreRing.swift; sourceTree = "<group>"; };
		C5B2D3E4F5061728394A5B6C /* HealthDataStore.swift */ = {isa = PBXFileReference; lastKnownFileType = sourcecode.swift; path = HealthDataStore.swift; sourceTree = "<group>"; };
		CB0010000000000000000011 /* BackupPayload.swift */ = {isa = PBXFileReference; lastKnownFileType = sourcecode.swift; path = BackupPayload.swift; sourceTree = "<group>"; };
		CB0010000000000000000012 /* CloudBackupManager.swift */ = {isa = PBXFileReference; lastKnownFileType = sourcecode.swift; path = CloudBackupManager.swift; sourceTree = "<group>"; };
		090582BC4080434BB854B76C /* SessionTracker.swift */ = {isa = PBXFileReference; lastKnownFileType = sourcecode.swift; path = SessionTracker.swift; sourceTree = "<group>"; };
		0A5C28150EA681F904CAAB60 /* NotificationPreferences.swift */ = {isa = PBXFileReference; lastKnownFileType = sourcecode.swift; path = NotificationPreferences.swift; sourceTree = "<group>"; };
		0E5897F9E01DF1DD783F450C /* HealthKitMetricRegistry.swift */ = {isa = PBXFileReference; lastKnownFileType = sourcecode.swift; path = HealthKitMetricRegistry.swift; sourceTree = "<group>"; };
		12D63BD9F792D775D3170CC2 /* LiveView.swift */ = {isa = PBXFileReference; lastKnownFileType = sourcecode.swift; path = LiveView.swift; sourceTree = "<group>"; };
		13A5CE433514CE2A9BA47EEB /* HealthCategory.swift */ = {isa = PBXFileReference; lastKnownFileType = sourcecode.swift; path = HealthCategory.swift; sourceTree = "<group>"; };
		15C73B51378D21F6766E7668 /* InsightsDetailView.swift */ = {isa = PBXFileReference; lastKnownFileType = sourcecode.swift; path = InsightsDetailView.swift; sourceTree = "<group>"; };
		1748830A3C5C9B2C4B821B16 /* PersistenceManager.swift */ = {isa = PBXFileReference; lastKnownFileType = sourcecode.swift; path = PersistenceManager.swift; sourceTree = "<group>"; };
		187345F5C9D8A3E6D1B6FCB8 /* HealthKitQueryBuilder.swift */ = {isa = PBXFileReference; lastKnownFileType = sourcecode.swift; path = HealthKitQueryBuilder.swift; sourceTree = "<group>"; };
		18995389F66C775115FE7B33 /* ReportTemplate.swift */ = {isa = PBXFileReference; lastKnownFileType = sourcecode.swift; path = ReportTemplate.swift; sourceTree = "<group>"; };
		1A095404C0C0B69F38FFD17F /* CategoryDetailView.swift */ = {isa = PBXFileReference; lastKnownFileType = sourcecode.swift; path = CategoryDetailView.swift; sourceTree = "<group>"; };
		1CA1197FB7924596AE0FB1B3 /* HealthScore.swift */ = {isa = PBXFileReference; lastKnownFileType = sourcecode.swift; path = HealthScore.swift; sourceTree = "<group>"; };
		1D16F5DEFE599901E791BDB5 /* HealthScorer.swift */ = {isa = PBXFileReference; lastKnownFileType = sourcecode.swift; path = HealthScorer.swift; sourceTree = "<group>"; };
		1FFC93E69A9D6B437E2D5AE9 /* .gitignore */ = {isa = PBXFileReference; lastKnownFileType = text; path = .gitignore; sourceTree = "<group>"; };
		25AA9F4078B6E2B0ABE0ACC5 /* DailySummaryScheduler.swift */ = {isa = PBXFileReference; lastKnownFileType = sourcecode.swift; path = DailySummaryScheduler.swift; sourceTree = "<group>"; };
		2D47CC3DA4706CBBFCA45DBB /* ConnectedDevicesView.swift */ = {isa = PBXFileReference; lastKnownFileType = sourcecode.swift; path = ConnectedDevicesView.swift; sourceTree = "<group>"; };
		2F95FB00C49E1EB4BE11CDAA /* HTMLReportGenerator.swift */ = {isa = PBXFileReference; lastKnownFileType = sourcecode.swift; path = HTMLReportGenerator.swift; sourceTree = "<group>"; };
		36DFE311801B14F79285B6BE /* AnomalyDetector.swift */ = {isa = PBXFileReference; lastKnownFileType = sourcecode.swift; path = AnomalyDetector.swift; sourceTree = "<group>"; };
		3823787D015F239AFD706F4B /* Severity.swift */ = {isa = PBXFileReference; lastKnownFileType = sourcecode.swift; path = Severity.swift; sourceTree = "<group>"; };
		3826F990FCA6BA8F63C2D597 /* MetricSample.swift */ = {isa = PBXFileReference; lastKnownFileType = sourcecode.swift; path = MetricSample.swift; sourceTree = "<group>"; };
		386D956FFA31A24C5784E847 /* MetricChartView.swift */ = {isa = PBXFileReference; lastKnownFileType = sourcecode.swift; path = MetricChartView.swift; sourceTree = "<group>"; };
		38C8B1B2721A86DF6305D5BE /* AppTab.swift */ = {isa = PBXFileReference; lastKnownFileType = sourcecode.swift; path = AppTab.swift; sourceTree = "<group>"; };
		391756FFDD3E57F3DC5BAB6B /* SupportedDevice.swift */ = {isa = PBXFileReference; lastKnownFileType = sourcecode.swift; path = SupportedDevice.swift; sourceTree = "<group>"; };
		3C589A8A37D2C34A66A66C26 /* SettingsView.swift */ = {isa = PBXFileReference; lastKnownFileType = sourcecode.swift; path = SettingsView.swift; sourceTree = "<group>"; };
		3D196A7FC4F808CD604F51CD /* Collection+Statistics.swift */ = {isa = PBXFileReference; lastKnownFileType = sourcecode.swift; path = "Collection+Statistics.swift"; sourceTree = "<group>"; };
		3D5096C22B6F3AB852F5E2EF /* AlertEvaluator.swift */ = {isa = PBXFileReference; lastKnownFileType = sourcecode.swift; path = AlertEvaluator.swift; sourceTree = "<group>"; };
		3FF4180D7FEC1853F0B00F79 /* FocusAreasSection.swift */ = {isa = PBXFileReference; lastKnownFileType = sourcecode.swift; path = FocusAreasSection.swift; sourceTree = "<group>"; };
		4859105FDEEF4B7F347A9D65 /* ExploreView.swift */ = {isa = PBXFileReference; lastKnownFileType = sourcecode.swift; path = ExploreView.swift; sourceTree = "<group>"; };
		4A7E91B3C2D85F06E3A14D9B /* HealthCorrelation.swift */ = {isa = PBXFileReference; lastKnownFileType = sourcecode.swift; path = HealthCorrelation.swift; sourceTree = "<group>"; };
		52C5FA0AC1DF45B09601C7C0 /* HealthRiskEngine.swift */ = {isa = PBXFileReference; lastKnownFileType = sourcecode.swift; path = HealthRiskEngine.swift; sourceTree = "<group>"; };
		53D06050FC363373F86388B7 /* SleepPerformanceAnalyzer.swift */ = {isa = PBXFileReference; lastKnownFileType = sourcecode.swift; path = SleepPerformanceAnalyzer.swift; sourceTree = "<group>"; };
		540A9FC7CEE865985F272489 /* CoachGreetingView.swift */ = {isa = PBXFileReference; lastKnownFileType = sourcecode.swift; path = CoachGreetingView.swift; sourceTree = "<group>"; };
		D5D278C360A3913CB74B4B5A /* CoachGoalsSection.swift */ = {isa = PBXFileReference; lastKnownFileType = sourcecode.swift; path = CoachGoalsSection.swift; sourceTree = "<group>"; };
		5827B420D1FD0325FE028282 /* ConnectedDeviceInfo.swift */ = {isa = PBXFileReference; lastKnownFileType = sourcecode.swift; path = ConnectedDeviceInfo.swift; sourceTree = "<group>"; };
		59AFB7BF706251B5AA4B10B3 /* MetricDetailView.swift */ = {isa = PBXFileReference; lastKnownFileType = sourcecode.swift; path = MetricDetailView.swift; sourceTree = "<group>"; };
		59AFB7BF706251B5AA4B1001 /* MetricLogSheet.swift */ = {isa = PBXFileReference; lastKnownFileType = sourcecode.swift; path = MetricLogSheet.swift; sourceTree = "<group>"; };
		5BDFE796A4164EAF5B516AEB /* FeedbackPromptManager.swift */ = {isa = PBXFileReference; lastKnownFileType = sourcecode.swift; path = FeedbackPromptManager.swift; sourceTree = "<group>"; };
		629618CFCAA39621B43158A8 /* AppAnalytics.swift */ = {isa = PBXFileReference; lastKnownFileType = sourcecode.swift; path = AppAnalytics.swift; sourceTree = "<group>"; };
		644B807CD403736D1B4418D5 /* package.xcworkspace */ = {isa = PBXFileReference; lastKnownFileType = wrapper.workspace; path = package.xcworkspace; sourceTree = "<group>"; };
		65E5978C39EAFBDCEECA6DA6 /* HealthPulse.app */ = {isa = PBXFileReference; explicitFileType = wrapper.application; includeInIndex = 0; path = HealthPulse.app; sourceTree = BUILT_PRODUCTS_DIR; };
		664681EF36E9FD6861C8B5D7 /* Insight.swift */ = {isa = PBXFileReference; lastKnownFileType = sourcecode.swift; path = Insight.swift; sourceTree = "<group>"; };
		665F4B99E035582C345F6F71 /* DeviceDetailView.swift */ = {isa = PBXFileReference; lastKnownFileType = sourcecode.swift; path = DeviceDetailView.swift; sourceTree = "<group>"; };
		691FD589D26D1E8E16222836 /* ChartJSBundle.swift */ = {isa = PBXFileReference; lastKnownFileType = sourcecode.swift; path = ChartJSBundle.swift; sourceTree = "<group>"; };
		724F2D92DE95C651D54AB01B /* CategoryDetailViewModel.swift */ = {isa = PBXFileReference; lastKnownFileType = sourcecode.swift; path = CategoryDetailViewModel.swift; sourceTree = "<group>"; };
		796E420E97993725432653BA /* NotificationManager.swift */ = {isa = PBXFileReference; lastKnownFileType = sourcecode.swift; path = NotificationManager.swift; sourceTree = "<group>"; };
		79D307F2173910B0A37FB5E9 /* SampleDataProvider.swift */ = {isa = PBXFileReference; lastKnownFileType = sourcecode.swift; path = SampleDataProvider.swift; sourceTree = "<group>"; };
		7C147C71560B1AD4933882E5 /* AnalysisEngine.swift */ = {isa = PBXFileReference; lastKnownFileType = sourcecode.swift; path = AnalysisEngine.swift; sourceTree = "<group>"; };
		7CF183D68C3977E2436A2CE4 /* TimeRangeSelector.swift */ = {isa = PBXFileReference; lastKnownFileType = sourcecode.swift; path = TimeRangeSelector.swift; sourceTree = "<group>"; };
		7F2B8E46D1A39C50F87E64BA /* CorrelationsView.swift */ = {isa = PBXFileReference; lastKnownFileType = sourcecode.swift; path = CorrelationsView.swift; sourceTree = "<group>"; };
		8130C8A74E54AE78393D3D74 /* GoogleService-Info.plist */ = {isa = PBXFileReference; lastKnownFileType = text.plist; path = "GoogleService-Info.plist"; sourceTree = "<group>"; };
		816F82CFA63FB0FE6C771713 /* CustomTabBar.swift */ = {isa = PBXFileReference; lastKnownFileType = sourcecode.swift; path = CustomTabBar.swift; sourceTree = "<group>"; };
		82AE14799DFE089F5E8F874C /* DeviceSourceManager.swift */ = {isa = PBXFileReference; lastKnownFileType = sourcecode.swift; path = DeviceSourceManager.swift; sourceTree = "<group>"; };
		84920AA0B0BAD65B323468E0 /* WeeklyPatternAnalyzer.swift */ = {isa = PBXFileReference; lastKnownFileType = sourcecode.swift; path = WeeklyPatternAnalyzer.swift; sourceTree = "<group>"; };
		875E5644CBFE4833921C057E /* FeedbackSheet.swift */ = {isa = PBXFileReference; lastKnownFileType = sourcecode.swift; path = FeedbackSheet.swift; sourceTree = "<group>"; };
		87FD655D1ED1E49C55293DD4 /* BodyInsightsSection.swift */ = {isa = PBXFileReference; lastKnownFileType = sourcecode.swift; path = BodyInsightsSection.swift; sourceTree = "<group>"; };
		8AD419B0E2DDFF1B068F480E /* ActionCard.swift */ = {isa = PBXFileReference; lastKnownFileType = sourcecode.swift; path = ActionCard.swift; sourceTree = "<group>"; };
		9D418CA7C1389DB583EEE75D /* LoadingView.swift */ = {isa = PBXFileReference; lastKnownFileType = sourcecode.swift; path = LoadingView.swift; sourceTree = "<group>"; };
		9EE3D24D56D4FF0A64BA0321 /* SleepCard.swift */ = {isa = PBXFileReference; lastKnownFileType = sourcecode.swift; path = SleepCard.swift; sourceTree = "<group>"; };
		RC0V01F3E5F6071812345001 /* RecoveryInfoSheet.swift */ = {isa = PBXFileReference; lastKnownFileType = sourcecode.swift; path = RecoveryInfoSheet.swift; sourceTree = "<group>"; };
		SC0G01F3E5F6071812345001 /* ScoreGuideSheet.swift */ = {isa = PBXFileReference; lastKnownFileType = sourcecode.swift; path = ScoreGuideSheet.swift; sourceTree = "<group>"; };
		A0A12061DC73AA4746DA1D13 /* Date+Extensions.swift */ = {isa = PBXFileReference; lastKnownFileType = sourcecode.swift; path = "Date+Extensions.swift"; sourceTree = "<group>"; };
		A0FEFA8B2E9C3EAD5191FC58 /* HealthKitManager.swift */ = {isa = PBXFileReference; lastKnownFileType = sourcecode.swift; path = HealthKitManager.swift; sourceTree = "<group>"; };
		A1B2C3D4E5F6071812345001 /* SubscriptionManager.swift */ = {isa = PBXFileReference; lastKnownFileType = sourcecode.swift; path = SubscriptionManager.swift; sourceTree = "<group>"; };
		A1B2C3D4E5F6071812345003 /* SubscriptionConfig.swift */ = {isa = PBXFileReference; lastKnownFileType = sourcecode.swift; path = SubscriptionConfig.swift; sourceTree = "<group>"; };
		A1B2C3D4E5F6071812345005 /* PaywallView.swift */ = {isa = PBXFileReference; lastKnownFileType = sourcecode.swift; path = PaywallView.swift; sourceTree = "<group>"; };
		A1B2C3D4E5F6071812345008 /* RemoteConfigManager.swift */ = {isa = PBXFileReference; lastKnownFileType = sourcecode.swift; path = RemoteConfigManager.swift; sourceTree = "<group>"; };
		A1B2C3D4E5F6A1B2C3D40001 /* AppKeys.swift */ = {isa = PBXFileReference; lastKnownFileType = sourcecode.swift; path = AppKeys.swift; sourceTree = "<group>"; };
		A1B2C3D4E5F6A1B2C3D40003 /* FeatureGate.swift */ = {isa = PBXFileReference; lastKnownFileType = sourcecode.swift; path = FeatureGate.swift; sourceTree = "<group>"; };
		A1B2C3D4E5F6A1B2C3D40005 /* ThermalManager.swift */ = {isa = PBXFileReference; lastKnownFileType = sourcecode.swift; path = ThermalManager.swift; sourceTree = "<group>"; };
		D5E6F7A8B9C0D5E6F7A80001 /* DesignSystem.swift */ = {isa = PBXFileReference; lastKnownFileType = sourcecode.swift; path = DesignSystem.swift; sourceTree = "<group>"; };
		A260467379612091A6B0F24B /* AppDelegate.swift */ = {isa = PBXFileReference; lastKnownFileType = sourcecode.swift; path = AppDelegate.swift; sourceTree = "<group>"; };
		A38F981323AA745B14093958 /* UserBaseline.swift */ = {isa = PBXFileReference; lastKnownFileType = sourcecode.swift; path = UserBaseline.swift; sourceTree = "<group>"; };
		A81D7BD7EBC7DA97F93A3F66 /* HealthRiskDetailView.swift */ = {isa = PBXFileReference; lastKnownFileType = sourcecode.swift; path = HealthRiskDetailView.swift; sourceTree = "<group>"; };
		A85183A8FD623ED661195C1D /* RulesConfiguration.swift */ = {isa = PBXFileReference; lastKnownFileType = sourcecode.swift; path = RulesConfiguration.swift; sourceTree = "<group>"; };
		AA30AD19F71C6BA2C98C876C /* InsightCard.swift */ = {isa = PBXFileReference; lastKnownFileType = sourcecode.swift; path = InsightCard.swift; sourceTree = "<group>"; };
		AA6AA95BCF0971B533299AD2 /* InsightGenerator.swift */ = {isa = PBXFileReference; lastKnownFileType = sourcecode.swift; path = InsightGenerator.swift; sourceTree = "<group>"; };
		AE979866642C58D7CC1E2D20 /* MetricDetailViewModel.swift */ = {isa = PBXFileReference; lastKnownFileType = sourcecode.swift; path = MetricDetailViewModel.swift; sourceTree = "<group>"; };
		AEB6FD13F69A1C4D05BA9C00 /* MetricTimeSeries.swift */ = {isa = PBXFileReference; lastKnownFileType = sourcecode.swift; path = MetricTimeSeries.swift; sourceTree = "<group>"; };
		B5AC32CCDA92931FFD3ED248 /* PatternCard.swift */ = {isa = PBXFileReference; lastKnownFileType = sourcecode.swift; path = PatternCard.swift; sourceTree = "<group>"; };
		B69DBEF9B8C73BB52502BFFC /* WeeklySummaryScheduler.swift */ = {isa = PBXFileReference; lastKnownFileType = sourcecode.swift; path = WeeklySummaryScheduler.swift; sourceTree = "<group>"; };
		BB4B38A39ECF9EDAF3EABE37 /* FrequencyCapManager.swift */ = {isa = PBXFileReference; lastKnownFileType = sourcecode.swift; path = FrequencyCapManager.swift; sourceTree = "<group>"; };
		BCDF8A90608885A74AE97072 /* DashboardViewModel.swift */ = {isa = PBXFileReference; lastKnownFileType = sourcecode.swift; path = DashboardViewModel.swift; sourceTree = "<group>"; };
		BE89F23BCF8C78C43EF02806 /* HomeView.swift */ = {isa = PBXFileReference; lastKnownFileType = sourcecode.swift; path = HomeView.swift; sourceTree = "<group>"; };
		C14C4080D8F86D1D9FE887E9 /* TrendBadge.swift */ = {isa = PBXFileReference; lastKnownFileType = sourcecode.swift; path = TrendBadge.swift; sourceTree = "<group>"; };
		C1D0D6E696648B66D83CA0F6 /* LiveViewModel.swift */ = {isa = PBXFileReference; lastKnownFileType = sourcecode.swift; path = LiveViewModel.swift; sourceTree = "<group>"; };
		C4CE7C2FDBCFFE781B01B4B9 /* PersonalRecordAnalyzer.swift */ = {isa = PBXFileReference; lastKnownFileType = sourcecode.swift; path = PersonalRecordAnalyzer.swift; sourceTree = "<group>"; };
		C78750704CE766C4F10D4F3F /* PrivacyInfo.xcprivacy */ = {isa = PBXFileReference; lastKnownFileType = text.xml; path = PrivacyInfo.xcprivacy; sourceTree = "<group>"; };
		CC25CC97AEB047A42CFD2FA7 /* Assets.xcassets */ = {isa = PBXFileReference; lastKnownFileType = folder.assetcatalog; path = Assets.xcassets; sourceTree = "<group>"; };
		CCC8EDD113328305A89EFB85 /* StatisticsGrid.swift */ = {isa = PBXFileReference; lastKnownFileType = sourcecode.swift; path = StatisticsGrid.swift; sourceTree = "<group>"; };
		CD0C32A7AEE4A821118D57D7 /* values.txt */ = {isa = PBXFileReference; lastKnownFileType = text; path = values.txt; sourceTree = "<group>"; };
		CD50AAE154719090048DF3E2 /* RecoveryAnalyzer.swift */ = {isa = PBXFileReference; lastKnownFileType = sourcecode.swift; path = RecoveryAnalyzer.swift; sourceTree = "<group>"; };
		CE8179C058000EE1F6531E0C /* HealthMetric.swift */ = {isa = PBXFileReference; lastKnownFileType = sourcecode.swift; path = HealthMetric.swift; sourceTree = "<group>"; };
		CFAEA2D55EB2FBC71714A653 /* ContentView.swift */ = {isa = PBXFileReference; lastKnownFileType = sourcecode.swift; path = ContentView.swift; sourceTree = "<group>"; };
		D2C1B0A9081706F5E4D3C2A1 /* WeeklyChallenge.swift */ = {isa = PBXFileReference; lastKnownFileType = sourcecode.swift; path = WeeklyChallenge.swift; sourceTree = "<group>"; };
		D74888150504AB62B6BC174C /* TrendDirection.swift */ = {isa = PBXFileReference; lastKnownFileType = sourcecode.swift; path = TrendDirection.swift; sourceTree = "<group>"; };
		D831542D1DF88ADF75D61259 /* TrendAnalyzer.swift */ = {isa = PBXFileReference; lastKnownFileType = sourcecode.swift; path = TrendAnalyzer.swift; sourceTree = "<group>"; };
		D93A5E8F17C42B60E4F8A3D1 /* CorrelationsSection.swift */ = {isa = PBXFileReference; lastKnownFileType = sourcecode.swift; path = CorrelationsSection.swift; sourceTree = "<group>"; };
		DB2701A38C5F2B5C84724997 /* Info.plist */ = {isa = PBXFileReference; lastKnownFileType = text.plist; path = Info.plist; sourceTree = "<group>"; };
		DC44ABE94B394F43210D39AC /* DeviceSetupGuideView.swift */ = {isa = PBXFileReference; lastKnownFileType = sourcecode.swift; path = DeviceSetupGuideView.swift; sourceTree = "<group>"; };
		DD947BF688F7B5F398D7E9FD /* WorkoutEffectivenessAnalyzer.swift */ = {isa = PBXFileReference; lastKnownFileType = sourcecode.swift; path = WorkoutEffectivenessAnalyzer.swift; sourceTree = "<group>"; };
		E05DC7C028B652C5A152BCDB /* DataSourceBadge.swift */ = {isa = PBXFileReference; lastKnownFileType = sourcecode.swift; path = DataSourceBadge.swift; sourceTree = "<group>"; };
		E1A2B3C4D5E6F7081234ABCD /* WatchMonitor.swift */ = {isa = PBXFileReference; lastKnownFileType = sourcecode.swift; path = WatchMonitor.swift; sourceTree = "<group>"; };
		RE0010000000000000000001 /* ReengagementScheduler.swift */ = {isa = PBXFileReference; lastKnownFileType = sourcecode.swift; path = ReengagementScheduler.swift; sourceTree = "<group>"; };
		SI0010000000000000000001 /* HealthScoreIntent.swift */ = {isa = PBXFileReference; lastKnownFileType = sourcecode.swift; path = HealthScoreIntent.swift; sourceTree = "<group>"; };
		SI0020000000000000000001 /* LogWaterIntent.swift */ = {isa = PBXFileReference; lastKnownFileType = sourcecode.swift; path = LogWaterIntent.swift; sourceTree = "<group>"; };
		SI0030000000000000000001 /* SleepSummaryIntent.swift */ = {isa = PBXFileReference; lastKnownFileType = sourcecode.swift; path = SleepSummaryIntent.swift; sourceTree = "<group>"; };
		SI0040000000000000000001 /* ReadinessIntent.swift */ = {isa = PBXFileReference; lastKnownFileType = sourcecode.swift; path = ReadinessIntent.swift; sourceTree = "<group>"; };
		SI0050000000000000000001 /* ShowTrendsIntent.swift */ = {isa = PBXFileReference; lastKnownFileType = sourcecode.swift; path = ShowTrendsIntent.swift; sourceTree = "<group>"; };
		SI0060000000000000000001 /* LogWorkoutIntent.swift */ = {isa = PBXFileReference; lastKnownFileType = sourcecode.swift; path = LogWorkoutIntent.swift; sourceTree = "<group>"; };
		SI0070000000000000000001 /* WorkoutTypeAppEnum.swift */ = {isa = PBXFileReference; lastKnownFileType = sourcecode.swift; path = WorkoutTypeAppEnum.swift; sourceTree = "<group>"; };
		SI0080000000000000000001 /* IntentSnippetViews.swift */ = {isa = PBXFileReference; lastKnownFileType = sourcecode.swift; path = IntentSnippetViews.swift; sourceTree = "<group>"; };
		SI0090000000000000000001 /* IntentDataProvider.swift */ = {isa = PBXFileReference; lastKnownFileType = sourcecode.swift; path = IntentDataProvider.swift; sourceTree = "<group>"; };
		SI0100000000000000000001 /* IntentDonationManager.swift */ = {isa = PBXFileReference; lastKnownFileType = sourcecode.swift; path = IntentDonationManager.swift; sourceTree = "<group>"; };
		SI0110000000000000000001 /* HealthPulseShortcutsProvider.swift */ = {isa = PBXFileReference; lastKnownFileType = sourcecode.swift; path = HealthPulseShortcutsProvider.swift; sourceTree = "<group>"; };
		E3D2C1B0A918270F5E4D3C2B /* WeeklyReviewViewModel.swift */ = {isa = PBXFileReference; lastKnownFileType = sourcecode.swift; path = WeeklyReviewViewModel.swift; sourceTree = "<group>"; };
		E7B42A19F3D18C05A92E6D4F /* OnboardingView.swift */ = {isa = PBXFileReference; lastKnownFileType = sourcecode.swift; path = OnboardingView.swift; sourceTree = "<group>"; };
		EBDE9B00704B16D8F8D55649 /* BaselineCalculator.swift */ = {isa = PBXFileReference; lastKnownFileType = sourcecode.swift; path = BaselineCalculator.swift; sourceTree = "<group>"; };
		F43429261BE644C3EACA8620 /* PeriodSummarySection.swift */ = {isa = PBXFileReference; lastKnownFileType = sourcecode.swift; path = PeriodSummarySection.swift; sourceTree = "<group>"; };
		F4E3D2C1B0A9382017E5D4C3 /* WeeklyReviewView.swift */ = {isa = PBXFileReference; lastKnownFileType = sourcecode.swift; path = WeeklyReviewView.swift; sourceTree = "<group>"; };
		F5BC756F69A9FE2C7DE1C298 /* WebExportViewModel.swift */ = {isa = PBXFileReference; lastKnownFileType = sourcecode.swift; path = WebExportViewModel.swift; sourceTree = "<group>"; };
		F978F22FCAD104AFEB5A79DB /* ActionCardsSection.swift */ = {isa = PBXFileReference; lastKnownFileType = sourcecode.swift; path = ActionCardsSection.swift; sourceTree = "<group>"; };
		FB35CFAF74FA5E68DD4EBCE4 /* HealthRisk.swift */ = {isa = PBXFileReference; lastKnownFileType = sourcecode.swift; path = HealthRisk.swift; sourceTree = "<group>"; };
		FBBA4A8AA9CB8C8329773FDB /* HealthPulseApp.swift */ = {isa = PBXFileReference; lastKnownFileType = sourcecode.swift; path = HealthPulseApp.swift; sourceTree = "<group>"; };
		FBEF954BF9638721771548FD /* CorrelationAnalyzer.swift */ = {isa = PBXFileReference; lastKnownFileType = sourcecode.swift; path = CorrelationAnalyzer.swift; sourceTree = "<group>"; };
		FDE2244C45612F29EA8A8234 /* HealthPulse.entitlements */ = {isa = PBXFileReference; lastKnownFileType = text.plist.entitlements; path = HealthPulse.entitlements; sourceTree = "<group>"; };
		FE3EE68580AA36C641A7393A /* ConnectedDevicesViewModel.swift */ = {isa = PBXFileReference; lastKnownFileType = sourcecode.swift; path = ConnectedDevicesViewModel.swift; sourceTree = "<group>"; };
		FF1B95F7225327D77ECBD985 /* TimeSeriesAligner.swift */ = {isa = PBXFileReference; lastKnownFileType = sourcecode.swift; path = TimeSeriesAligner.swift; sourceTree = "<group>"; };
		FF35C1AEF3CC68D59F22FB41 /* SeverityBadge.swift */ = {isa = PBXFileReference; lastKnownFileType = sourcecode.swift; path = SeverityBadge.swift; sourceTree = "<group>"; };
		SEC00100000000000000001 /* EncryptedStore.swift */ = {isa = PBXFileReference; lastKnownFileType = sourcecode.swift; path = EncryptedStore.swift; sourceTree = "<group>"; };
		ANL00100000000000000001 /* ScoreTrajectoryAnalyzer.swift */ = {isa = PBXFileReference; lastKnownFileType = sourcecode.swift; path = ScoreTrajectoryAnalyzer.swift; sourceTree = "<group>"; };
		ANL00100000000000000002 /* BaselineDriftDetector.swift */ = {isa = PBXFileReference; lastKnownFileType = sourcecode.swift; path = BaselineDriftDetector.swift; sourceTree = "<group>"; };
		ANL00100000000000000003 /* MultiMetricClusterAnalyzer.swift */ = {isa = PBXFileReference; lastKnownFileType = sourcecode.swift; path = MultiMetricClusterAnalyzer.swift; sourceTree = "<group>"; };
		HST00100000000000000001 /* HistoricalAnalyzer.swift */ = {isa = PBXFileReference; lastKnownFileType = sourcecode.swift; path = HistoricalAnalyzer.swift; sourceTree = "<group>"; };
		PRO00100000000000000001 /* ProFeatureOverlay.swift */ = {isa = PBXFileReference; lastKnownFileType = sourcecode.swift; path = ProFeatureOverlay.swift; sourceTree = "<group>"; };
		IEW00100000000000000001 /* IllnessEarlyWarning.swift */ = {isa = PBXFileReference; lastKnownFileType = sourcecode.swift; path = IllnessEarlyWarning.swift; sourceTree = "<group>"; };
		CMA00100000000000000001 /* CrossMetricAnomalyDetector.swift */ = {isa = PBXFileReference; lastKnownFileType = sourcecode.swift; path = CrossMetricAnomalyDetector.swift; sourceTree = "<group>"; };
		CCE00100000000000000001 /* CausalChainEngine.swift */ = {isa = PBXFileReference; lastKnownFileType = sourcecode.swift; path = CausalChainEngine.swift; sourceTree = "<group>"; };
		CEA00100000000000000001 /* CognitiveEnergyAnalyzer.swift */ = {isa = PBXFileReference; lastKnownFileType = sourcecode.swift; path = CognitiveEnergyAnalyzer.swift; sourceTree = "<group>"; };
		DSC00100000000000000001 /* Discovery.swift */ = {isa = PBXFileReference; lastKnownFileType = sourcecode.swift; path = Discovery.swift; sourceTree = "<group>"; };
		DSC00100000000000000003 /* DiscoveryEngine.swift */ = {isa = PBXFileReference; lastKnownFileType = sourcecode.swift; path = DiscoveryEngine.swift; sourceTree = "<group>"; };
		DSC00100000000000000005 /* DiscoveryView.swift */ = {isa = PBXFileReference; lastKnownFileType = sourcecode.swift; path = DiscoveryView.swift; sourceTree = "<group>"; };
		ML0010000000000000000001 /* MLTypes.swift */ = {isa = PBXFileReference; lastKnownFileType = sourcecode.swift; path = MLTypes.swift; sourceTree = "<group>"; };
		ML0010000000000000000002 /* AccelerateHelpers.swift */ = {isa = PBXFileReference; lastKnownFileType = sourcecode.swift; path = AccelerateHelpers.swift; sourceTree = "<group>"; };
		ML0010000000000000000003 /* FeatureEngine.swift */ = {isa = PBXFileReference; lastKnownFileType = sourcecode.swift; path = FeatureEngine.swift; sourceTree = "<group>"; };
		ML0010000000000000000004 /* TimeSeriesForecaster.swift */ = {isa = PBXFileReference; lastKnownFileType = sourcecode.swift; path = TimeSeriesForecaster.swift; sourceTree = "<group>"; };
		ML0010000000000000000005 /* AdaptiveAnomalyDetector.swift */ = {isa = PBXFileReference; lastKnownFileType = sourcecode.swift; path = AdaptiveAnomalyDetector.swift; sourceTree = "<group>"; };
		ML0010000000000000000006 /* PatternMiner.swift */ = {isa = PBXFileReference; lastKnownFileType = sourcecode.swift; path = PatternMiner.swift; sourceTree = "<group>"; };
		ML0010000000000000000007 /* CorrelationDiscovery.swift */ = {isa = PBXFileReference; lastKnownFileType = sourcecode.swift; path = CorrelationDiscovery.swift; sourceTree = "<group>"; };
		ML0010000000000000000008 /* HealthStateClassifier.swift */ = {isa = PBXFileReference; lastKnownFileType = sourcecode.swift; path = HealthStateClassifier.swift; sourceTree = "<group>"; };
		ML0010000000000000000009 /* PredictiveScorer.swift */ = {isa = PBXFileReference; lastKnownFileType = sourcecode.swift; path = PredictiveScorer.swift; sourceTree = "<group>"; };
		ML001000000000000000000A /* MLOrchestrator.swift */ = {isa = PBXFileReference; lastKnownFileType = sourcecode.swift; path = MLOrchestrator.swift; sourceTree = "<group>"; };
		STK0020000000000000000F /* SectionTracker.swift */ = {isa = PBXFileReference; lastKnownFileType = sourcecode.swift; path = SectionTracker.swift; sourceTree = "<group>"; };
		REV0020000000000000000F /* RecommendationEvaluator.swift */ = {isa = PBXFileReference; lastKnownFileType = sourcecode.swift; path = RecommendationEvaluator.swift; sourceTree = "<group>"; };
		NTO0020000000000000000F /* NotificationOptimizer.swift */ = {isa = PBXFileReference; lastKnownFileType = sourcecode.swift; path = NotificationOptimizer.swift; sourceTree = "<group>"; };
		MIS0020000000000000001F /* HealthStateTimelineViewModel.swift */ = {isa = PBXFileReference; lastKnownFileType = sourcecode.swift; path = HealthStateTimelineViewModel.swift; sourceTree = "<group>"; };
		MIS0020000000000000002F /* SimulationViewModel.swift */ = {isa = PBXFileReference; lastKnownFileType = sourcecode.swift; path = SimulationViewModel.swift; sourceTree = "<group>"; };
		MIS0020000000000000003F /* ClinicalIntelligence.swift */ = {isa = PBXFileReference; lastKnownFileType = sourcecode.swift; path = ClinicalIntelligence.swift; sourceTree = "<group>"; };
		MIS0020000000000000004F /* NutritionCorrelationAnalyzer.swift */ = {isa = PBXFileReference; lastKnownFileType = sourcecode.swift; path = NutritionCorrelationAnalyzer.swift; sourceTree = "<group>"; };
		MIS0020000000000000005F /* AdherenceTracker.swift */ = {isa = PBXFileReference; lastKnownFileType = sourcecode.swift; path = AdherenceTracker.swift; sourceTree = "<group>"; };
		MIS0020000000000000006F /* SimulationEngine.swift */ = {isa = PBXFileReference; lastKnownFileType = sourcecode.swift; path = SimulationEngine.swift; sourceTree = "<group>"; };
		MIS0020000000000000007F /* SimulationTypes.swift */ = {isa = PBXFileReference; lastKnownFileType = sourcecode.swift; path = SimulationTypes.swift; sourceTree = "<group>"; };
		MIS0020000000000000008F /* ROIRanker.swift */ = {isa = PBXFileReference; lastKnownFileType = sourcecode.swift; path = ROIRanker.swift; sourceTree = "<group>"; };
		MIS0020000000000000009F /* AdherenceRecord.swift */ = {isa = PBXFileReference; lastKnownFileType = sourcecode.swift; path = AdherenceRecord.swift; sourceTree = "<group>"; };
		MIS002000000000000000AF /* SimulationView.swift */ = {isa = PBXFileReference; lastKnownFileType = sourcecode.swift; path = SimulationView.swift; sourceTree = "<group>"; };
		MIS002000000000000000BF /* HealthStateTimelineView.swift */ = {isa = PBXFileReference; lastKnownFileType = sourcecode.swift; path = HealthStateTimelineView.swift; sourceTree = "<group>"; };
		CIR0020000000000000000F /* CircadianAnalyzer.swift */ = {isa = PBXFileReference; lastKnownFileType = sourcecode.swift; path = CircadianAnalyzer.swift; sourceTree = "<group>"; };
		ECG0020000000000000001F /* StoredECGFeatures.swift */ = {isa = PBXFileReference; lastKnownFileType = sourcecode.swift; path = StoredECGFeatures.swift; sourceTree = "<group>"; };
		ECG0020000000000000002F /* ECGDataManager.swift */ = {isa = PBXFileReference; lastKnownFileType = sourcecode.swift; path = ECGDataManager.swift; sourceTree = "<group>"; };
		ECG0020000000000000003F /* ECGFeatureExtractor.swift */ = {isa = PBXFileReference; lastKnownFileType = sourcecode.swift; path = ECGFeatureExtractor.swift; sourceTree = "<group>"; };
		ECG0020000000000000004F /* ECGIntelligence.swift */ = {isa = PBXFileReference; lastKnownFileType = sourcecode.swift; path = ECGIntelligence.swift; sourceTree = "<group>"; };
/* End PBXFileReference section */

/* Begin PBXFrameworksBuildPhase section */
		FA12345678ABCDEF12345603 /* Frameworks */ = {
			isa = PBXFrameworksBuildPhase;
			buildActionMask = 2147483647;
			files = (
				FA12345678ABCDEF12345602 /* FirebaseAnalytics in Frameworks */,
				FA12345678ABCDEF12345612 /* FirebaseRemoteConfig in Frameworks */,
			);
			runOnlyForDeploymentPostprocessing = 0;
		};
/* End PBXFrameworksBuildPhase section */

/* Begin PBXGroup section */
		0A6D8094D827D9D0F1D5E923 /* .swiftpm */ = {
			isa = PBXGroup;
			children = (
				2F0533BC9EA58780906C7143 /* configuration */,
				6298FEDF9D7C8C17E8068BAD /* xcode */,
			);
			path = .swiftpm;
			sourceTree = "<group>";
		};
		1EF321925F552EBE46811614 /* Analysis */ = {
			isa = PBXGroup;
			children = (
				7C147C71560B1AD4933882E5 /* AnalysisEngine.swift */,
				36DFE311801B14F79285B6BE /* AnomalyDetector.swift */,
				EBDE9B00704B16D8F8D55649 /* BaselineCalculator.swift */,
				ANL00100000000000000002 /* BaselineDriftDetector.swift */,
				FBEF954BF9638721771548FD /* CorrelationAnalyzer.swift */,
				DSC00100000000000000003 /* DiscoveryEngine.swift */,
				52C5FA0AC1DF45B09601C7C0 /* HealthRiskEngine.swift */,
				1D16F5DEFE599901E791BDB5 /* HealthScorer.swift */,
				AA6AA95BCF0971B533299AD2 /* InsightGenerator.swift */,
				ML001000000000000000001B /* ML */,
				ANL00100000000000000003 /* MultiMetricClusterAnalyzer.swift */,
				HST00100000000000000001 /* HistoricalAnalyzer.swift */,
				C4CE7C2FDBCFFE781B01B4B9 /* PersonalRecordAnalyzer.swift */,
				CD50AAE154719090048DF3E2 /* RecoveryAnalyzer.swift */,
				A85183A8FD623ED661195C1D /* RulesConfiguration.swift */,
				ANL00100000000000000001 /* ScoreTrajectoryAnalyzer.swift */,
				53D06050FC363373F86388B7 /* SleepPerformanceAnalyzer.swift */,
				FF1B95F7225327D77ECBD985 /* TimeSeriesAligner.swift */,
				D831542D1DF88ADF75D61259 /* TrendAnalyzer.swift */,
				84920AA0B0BAD65B323468E0 /* WeeklyPatternAnalyzer.swift */,
				DD947BF688F7B5F398D7E9FD /* WorkoutEffectivenessAnalyzer.swift */,
				IEW00100000000000000001 /* IllnessEarlyWarning.swift */,
				CMA00100000000000000001 /* CrossMetricAnomalyDetector.swift */,
				CCE00100000000000000001 /* CausalChainEngine.swift */,
				CEA00100000000000000001 /* CognitiveEnergyAnalyzer.swift */,
				REV0020000000000000000F /* RecommendationEvaluator.swift */,
				MIS0020000000000000003F /* ClinicalIntelligence.swift */,
				MIS0020000000000000004F /* NutritionCorrelationAnalyzer.swift */,
				MIS0020000000000000006F /* SimulationEngine.swift */,
				MIS0020000000000000007F /* SimulationTypes.swift */,
				MIS0020000000000000008F /* ROIRanker.swift */,
				ECG0020000000000000003F /* ECGFeatureExtractor.swift */,
				ECG0020000000000000004F /* ECGIntelligence.swift */,
			);
			path = Analysis;
			sourceTree = "<group>";
		};
		ML001000000000000000001B /* ML */ = {
			isa = PBXGroup;
			children = (
				ML0010000000000000000002 /* AccelerateHelpers.swift */,
				ML0010000000000000000005 /* AdaptiveAnomalyDetector.swift */,
				ML0010000000000000000007 /* CorrelationDiscovery.swift */,
				ML0010000000000000000003 /* FeatureEngine.swift */,
				ML0010000000000000000008 /* HealthStateClassifier.swift */,
				ML001000000000000000000A /* MLOrchestrator.swift */,
				ML0010000000000000000001 /* MLTypes.swift */,
				ML0010000000000000000006 /* PatternMiner.swift */,
				ML0010000000000000000009 /* PredictiveScorer.swift */,
				ML0010000000000000000004 /* TimeSeriesForecaster.swift */,
				MIS0020000000000000005F /* AdherenceTracker.swift */,
				CIR0020000000000000000F /* CircadianAnalyzer.swift */,
			);
			path = ML;
			sourceTree = "<group>";
		};
		245B633267003874872B05C6 /* App */ = {
			isa = PBXGroup;
			children = (
				A260467379612091A6B0F24B /* AppDelegate.swift */,
				CFAEA2D55EB2FBC71714A653 /* ContentView.swift */,
				FBBA4A8AA9CB8C8329773FDB /* HealthPulseApp.swift */,
			);
			path = App;
			sourceTree = "<group>";
		};
		2F0533BC9EA58780906C7143 /* configuration */ = {
			isa = PBXGroup;
			children = (
			);
			path = configuration;
			sourceTree = "<group>";
		};
		DSC00100000000000000007 /* Discovery */ = {
			isa = PBXGroup;
			children = (
				DSC00100000000000000005 /* DiscoveryView.swift */,
			);
			path = Discovery;
			sourceTree = "<group>";
		};
		32081A283F9FE80454177B5B /* Insights */ = {
			isa = PBXGroup;
			children = (
				7F2B8E46D1A39C50F87E64BA /* CorrelationsView.swift */,
				15C73B51378D21F6766E7668 /* InsightsDetailView.swift */,
			);
			path = Insights;
			sourceTree = "<group>";
		};
		391E722D5014D80238CF86D6 /* Home */ = {
			isa = PBXGroup;
			children = (
				F978F22FCAD104AFEB5A79DB /* ActionCardsSection.swift */,
				87FD655D1ED1E49C55293DD4 /* BodyInsightsSection.swift */,
				540A9FC7CEE865985F272489 /* CoachGreetingView.swift */,
				D5D278C360A3913CB74B4B5A /* CoachGoalsSection.swift */,
				D93A5E8F17C42B60E4F8A3D1 /* CorrelationsSection.swift */,
				3FF4180D7FEC1853F0B00F79 /* FocusAreasSection.swift */,
				BE89F23BCF8C78C43EF02806 /* HomeView.swift */,
				B5AC32CCDA92931FFD3ED248 /* PatternCard.swift */,
				F43429261BE644C3EACA8620 /* PeriodSummarySection.swift */,
				RC0V01F3E5F6071812345001 /* RecoveryInfoSheet.swift */,
				SC0G01F3E5F6071812345001 /* ScoreGuideSheet.swift */,
				9EE3D24D56D4FF0A64BA0321 /* SleepCard.swift */,
				F4E3D2C1B0A9382017E5D4C3 /* WeeklyReviewView.swift */,
			);
			path = Home;
			sourceTree = "<group>";
		};
		3AF1DCD9930E05D8F0824B5F /* Risk */ = {
			isa = PBXGroup;
			children = (
				A81D7BD7EBC7DA97F93A3F66 /* HealthRiskDetailView.swift */,
			);
			path = Risk;
			sourceTree = "<group>";
		};
		46EC9F33A83E250CF50CEB66 /* Models */ = {
			isa = PBXGroup;
			children = (
				5827B420D1FD0325FE028282 /* ConnectedDeviceInfo.swift */,
				DSC00100000000000000001 /* Discovery.swift */,
				13A5CE433514CE2A9BA47EEB /* HealthCategory.swift */,
				4A7E91B3C2D85F06E3A14D9B /* HealthCorrelation.swift */,
				CE8179C058000EE1F6531E0C /* HealthMetric.swift */,
				FB35CFAF74FA5E68DD4EBCE4 /* HealthRisk.swift */,
				1CA1197FB7924596AE0FB1B3 /* HealthScore.swift */,
				664681EF36E9FD6861C8B5D7 /* Insight.swift */,
				3826F990FCA6BA8F63C2D597 /* MetricSample.swift */,
				AEB6FD13F69A1C4D05BA9C00 /* MetricTimeSeries.swift */,
				0A5C28150EA681F904CAAB60 /* NotificationPreferences.swift */,
				3823787D015F239AFD706F4B /* Severity.swift */,
				391756FFDD3E57F3DC5BAB6B /* SupportedDevice.swift */,
				D74888150504AB62B6BC174C /* TrendDirection.swift */,
				A38F981323AA745B14093958 /* UserBaseline.swift */,
				D2C1B0A9081706F5E4D3C2A1 /* WeeklyChallenge.swift */,
				MIS0020000000000000009F /* AdherenceRecord.swift */,
				ECG0020000000000000001F /* StoredECGFeatures.swift */,
			);
			path = Models;
			sourceTree = "<group>";
		};
		4DF76B0EA2E2F3B29CA0952B /* Extensions */ = {
			isa = PBXGroup;
			children = (
				3D196A7FC4F808CD604F51CD /* Collection+Statistics.swift */,
				A0A12061DC73AA4746DA1D13 /* Date+Extensions.swift */,
			);
			path = Extensions;
			sourceTree = "<group>";
		};
		592D623307DC64EB165C46E2 /* Settings */ = {
			isa = PBXGroup;
			children = (
				3C589A8A37D2C34A66A66C26 /* SettingsView.swift */,
			);
			path = Settings;
			sourceTree = "<group>";
		};
		5E2F9D1BF8B571CC12F16B98 /* MetricDetail */ = {
			isa = PBXGroup;
			children = (
				59AFB7BF706251B5AA4B10B3 /* MetricDetailView.swift */,
				59AFB7BF706251B5AA4B1001 /* MetricLogSheet.swift */,
			);
			path = MetricDetail;
			sourceTree = "<group>";
		};
		6298FEDF9D7C8C17E8068BAD /* xcode */ = {
			isa = PBXGroup;
			children = (
				644B807CD403736D1B4418D5 /* package.xcworkspace */,
			);
			path = xcode;
			sourceTree = "<group>";
		};
		68AF4E9026CA755E4C880B94 /* Views */ = {
			isa = PBXGroup;
			children = (
				9745169D371D1C50E7BACFA9 /* Category */,
				851743D16201C84B9B933A9E /* Components */,
				74B0CF7E4D5600CDC04B7881 /* Devices */,
				DSC00100000000000000007 /* Discovery */,
				99D0AF908CB6DDB616431FAD /* Explore */,
				391E722D5014D80238CF86D6 /* Home */,
				32081A283F9FE80454177B5B /* Insights */,
				7F58722E71B3D61D79ED9685 /* Live */,
				5E2F9D1BF8B571CC12F16B98 /* MetricDetail */,
				7736A1BC7F0A193BD0875D74 /* Navigation */,
				C3F8A21D5E9B47A0D1624F83 /* Onboarding */,
				B06BD355B62AAD51CF24AC41 /* Paywall */,
				3AF1DCD9930E05D8F0824B5F /* Risk */,
				592D623307DC64EB165C46E2 /* Settings */,
				A1B2C3D4E5F6071812345007 /* Subscription */,
				SIM0020000000000000000G /* Simulation */,
				HSV0020000000000000000G /* HealthState */,
			);
			path = Views;
			sourceTree = "<group>";
		};
		74B0CF7E4D5600CDC04B7881 /* Devices */ = {
			isa = PBXGroup;
			children = (
				2D47CC3DA4706CBBFCA45DBB /* ConnectedDevicesView.swift */,
				665F4B99E035582C345F6F71 /* DeviceDetailView.swift */,
				DC44ABE94B394F43210D39AC /* DeviceSetupGuideView.swift */,
			);
			path = Devices;
			sourceTree = "<group>";
		};
		7736A1BC7F0A193BD0875D74 /* Navigation */ = {
			isa = PBXGroup;
			children = (
				38C8B1B2721A86DF6305D5BE /* AppTab.swift */,
				816F82CFA63FB0FE6C771713 /* CustomTabBar.swift */,
			);
			path = Navigation;
			sourceTree = "<group>";
		};
		7F58722E71B3D61D79ED9685 /* Live */ = {
			isa = PBXGroup;
			children = (
				12D63BD9F792D775D3170CC2 /* LiveView.swift */,
			);
			path = Live;
			sourceTree = "<group>";
		};
		851743D16201C84B9B933A9E /* Components */ = {
			isa = PBXGroup;
			children = (
				8AD419B0E2DDFF1B068F480E /* ActionCard.swift */,
				D5E6F7A8B9C0D5E6F7A80001 /* DesignSystem.swift */,
				E05DC7C028B652C5A152BCDB /* DataSourceBadge.swift */,
				875E5644CBFE4833921C057E /* FeedbackSheet.swift */,
				02889FC7AED277F3E00C8B52 /* HealthScoreRing.swift */,
				AA30AD19F71C6BA2C98C876C /* InsightCard.swift */,
				9D418CA7C1389DB583EEE75D /* LoadingView.swift */,
				386D956FFA31A24C5784E847 /* MetricChartView.swift */,
				PRO00100000000000000001 /* ProFeatureOverlay.swift */,
				FF35C1AEF3CC68D59F22FB41 /* SeverityBadge.swift */,
				CCC8EDD113328305A89EFB85 /* StatisticsGrid.swift */,
				7CF183D68C3977E2436A2CE4 /* TimeRangeSelector.swift */,
				C14C4080D8F86D1D9FE887E9 /* TrendBadge.swift */,
			);
			path = Components;
			sourceTree = "<group>";
		};
		85D693CEA74B6AE4E9169174 /* Products */ = {
			isa = PBXGroup;
			children = (
				65E5978C39EAFBDCEECA6DA6 /* HealthPulse.app */,
			);
			name = Products;
			sourceTree = "<group>";
		};
		9745169D371D1C50E7BACFA9 /* Category */ = {
			isa = PBXGroup;
			children = (
				1A095404C0C0B69F38FFD17F /* CategoryDetailView.swift */,
			);
			path = Category;
			sourceTree = "<group>";
		};
		99D0AF908CB6DDB616431FAD /* Explore */ = {
			isa = PBXGroup;
			children = (
				4859105FDEEF4B7F347A9D65 /* ExploreView.swift */,
			);
			path = Explore;
			sourceTree = "<group>";
		};
		A1B2C3D4E5F6071812345007 /* Subscription */ = {
			isa = PBXGroup;
			children = (
				A1B2C3D4E5F6071812345005 /* PaywallView.swift */,
			);
			path = Subscription;
			sourceTree = "<group>";
		};
		SIM0020000000000000000G /* Simulation */ = {
			isa = PBXGroup;
			children = (
				MIS002000000000000000AF /* SimulationView.swift */,
			);
			path = Simulation;
			sourceTree = "<group>";
		};
		HSV0020000000000000000G /* HealthState */ = {
			isa = PBXGroup;
			children = (
				MIS002000000000000000BF /* HealthStateTimelineView.swift */,
			);
			path = HealthState;
			sourceTree = "<group>";
		};
		A1CB447EE663113B316BE5A6 /* WebExport */ = {
			isa = PBXGroup;
			children = (
				691FD589D26D1E8E16222836 /* ChartJSBundle.swift */,
				2F95FB00C49E1EB4BE11CDAA /* HTMLReportGenerator.swift */,
				18995389F66C775115FE7B33 /* ReportTemplate.swift */,
			);
			path = WebExport;
			sourceTree = "<group>";
		};
		A30B0BC7B45583E8517D4D6E /* ViewModels */ = {
			isa = PBXGroup;
			children = (
				724F2D92DE95C651D54AB01B /* CategoryDetailViewModel.swift */,
				FE3EE68580AA36C641A7393A /* ConnectedDevicesViewModel.swift */,
				BCDF8A90608885A74AE97072 /* DashboardViewModel.swift */,
				C1D0D6E696648B66D83CA0F6 /* LiveViewModel.swift */,
				AE979866642C58D7CC1E2D20 /* MetricDetailViewModel.swift */,
				E3D2C1B0A918270F5E4D3C2B /* WeeklyReviewViewModel.swift */,
				F5BC756F69A9FE2C7DE1C298 /* WebExportViewModel.swift */,
				MIS0020000000000000001F /* HealthStateTimelineViewModel.swift */,
				MIS0020000000000000002F /* SimulationViewModel.swift */,
			);
			path = ViewModels;
			sourceTree = "<group>";
		};
		B06BD355B62AAD51CF24AC41 /* Paywall */ = {
			isa = PBXGroup;
			children = (
			);
			path = Paywall;
			sourceTree = "<group>";
		};
		C3F8A21D5E9B47A0D1624F83 /* Onboarding */ = {
			isa = PBXGroup;
			children = (
				E7B42A19F3D18C05A92E6D4F /* OnboardingView.swift */,
			);
			path = Onboarding;
			sourceTree = "<group>";
		};
		SEC00100000000000000003 /* Security */ = {
			isa = PBXGroup;
			children = (
				SEC00100000000000000001 /* EncryptedStore.swift */,
			);
			path = Security;
			sourceTree = "<group>";
		};
		C936DC718B142DC99A17A3FF /* Tracking */ = {
			isa = PBXGroup;
			children = (
				629618CFCAA39621B43158A8 /* AppAnalytics.swift */,
				5BDFE796A4164EAF5B516AEB /* FeedbackPromptManager.swift */,
				STK0020000000000000000F /* SectionTracker.swift */,
				090582BC4080434BB854B76C /* SessionTracker.swift */,
			);
			path = Tracking;
			sourceTree = "<group>";
		};
		E1B4BA327CF50355E5EF00C0 /* Subscriptions */ = {
			isa = PBXGroup;
			children = (
				A1B2C3D4E5F6071812345003 /* SubscriptionConfig.swift */,
				A1B2C3D4E5F6071812345001 /* SubscriptionManager.swift */,
			);
			path = Subscriptions;
			sourceTree = "<group>";
		};
		E539D755BFE39275A3539FF3 /* HealthPulse */ = {
			isa = PBXGroup;
			children = (
				1FFC93E69A9D6B437E2D5AE9 /* .gitignore */,
				CC25CC97AEB047A42CFD2FA7 /* Assets.xcassets */,
				8130C8A74E54AE78393D3D74 /* GoogleService-Info.plist */,
				FDE2244C45612F29EA8A8234 /* HealthPulse.entitlements */,
				DB2701A38C5F2B5C84724997 /* Info.plist */,
				C78750704CE766C4F10D4F3F /* PrivacyInfo.xcprivacy */,
				CD0C32A7AEE4A821118D57D7 /* values.txt */,
			);
			name = HealthPulse;
			path = .;
			sourceTree = "<group>";
		};
		F3DDC9B586E57614CABF0418 = {
			isa = PBXGroup;
			children = (
				0A6D8094D827D9D0F1D5E923 /* .swiftpm */,
				1EF321925F552EBE46811614 /* Analysis */,
				245B633267003874872B05C6 /* App */,
				F4F842DF9AF1A93301E1012D /* Config */,
				F5E116967F91A190505F0397 /* Data */,
				4DF76B0EA2E2F3B29CA0952B /* Extensions */,
				E539D755BFE39275A3539FF3 /* HealthPulse */,
				46EC9F33A83E250CF50CEB66 /* Models */,
				FB27FC419922167688397BBA /* Notifications */,
				SI0000000000000000000000 /* Intents */,
				SEC00100000000000000003 /* Security */,
				E1B4BA327CF50355E5EF00C0 /* Subscriptions */,
				C936DC718B142DC99A17A3FF /* Tracking */,
				A30B0BC7B45583E8517D4D6E /* ViewModels */,
				68AF4E9026CA755E4C880B94 /* Views */,
				A1CB447EE663113B316BE5A6 /* WebExport */,
				85D693CEA74B6AE4E9169174 /* Products */,
			);
			sourceTree = "<group>";
		};
		F4F842DF9AF1A93301E1012D /* Config */ = {
			isa = PBXGroup;
			children = (
				A1B2C3D4E5F6A1B2C3D40001 /* AppKeys.swift */,
				A1B2C3D4E5F6A1B2C3D40003 /* FeatureGate.swift */,
				A1B2C3D4E5F6071812345008 /* RemoteConfigManager.swift */,
				A1B2C3D4E5F6A1B2C3D40005 /* ThermalManager.swift */,
			);
			path = Config;
			sourceTree = "<group>";
		};
		F5E116967F91A190505F0397 /* Data */ = {
			isa = PBXGroup;
			children = (
				CB0010000000000000000011 /* BackupPayload.swift */,
				CB0010000000000000000012 /* CloudBackupManager.swift */,
				82AE14799DFE089F5E8F874C /* DeviceSourceManager.swift */,
				C5B2D3E4F5061728394A5B6C /* HealthDataStore.swift */,
				A0FEFA8B2E9C3EAD5191FC58 /* HealthKitManager.swift */,
				0E5897F9E01DF1DD783F450C /* HealthKitMetricRegistry.swift */,
				187345F5C9D8A3E6D1B6FCB8 /* HealthKitQueryBuilder.swift */,
				1748830A3C5C9B2C4B821B16 /* PersistenceManager.swift */,
				79D307F2173910B0A37FB5E9 /* SampleDataProvider.swift */,
				ECG0020000000000000002F /* ECGDataManager.swift */,
			);
			path = Data;
			sourceTree = "<group>";
		};
		FB27FC419922167688397BBA /* Notifications */ = {
			isa = PBXGroup;
			children = (
				3D5096C22B6F3AB852F5E2EF /* AlertEvaluator.swift */,
				25AA9F4078B6E2B0ABE0ACC5 /* DailySummaryScheduler.swift */,
				BB4B38A39ECF9EDAF3EABE37 /* FrequencyCapManager.swift */,
				796E420E97993725432653BA /* NotificationManager.swift */,
				NTO0020000000000000000F /* NotificationOptimizer.swift */,
				RE0010000000000000000001 /* ReengagementScheduler.swift */,
				B69DBEF9B8C73BB52502BFFC /* WeeklySummaryScheduler.swift */,
				E1A2B3C4D5E6F7081234ABCD /* WatchMonitor.swift */,
			);
			path = Notifications;
			sourceTree = "<group>";
		};
		SI0000000000000000000000 /* Intents */ = {
			isa = PBXGroup;
			children = (
				SI0010000000000000000001 /* HealthScoreIntent.swift */,
				SI0020000000000000000001 /* LogWaterIntent.swift */,
				SI0030000000000000000001 /* SleepSummaryIntent.swift */,
				SI0040000000000000000001 /* ReadinessIntent.swift */,
				SI0050000000000000000001 /* ShowTrendsIntent.swift */,
				SI0060000000000000000001 /* LogWorkoutIntent.swift */,
				SI0070000000000000000001 /* WorkoutTypeAppEnum.swift */,
				SI0080000000000000000001 /* IntentSnippetViews.swift */,
				SI0090000000000000000001 /* IntentDataProvider.swift */,
				SI0100000000000000000001 /* IntentDonationManager.swift */,
				SI0110000000000000000001 /* HealthPulseShortcutsProvider.swift */,
			);
			path = Intents;
			sourceTree = "<group>";
		};
/* End PBXGroup section */

/* Begin PBXNativeTarget section */
		AAF1174C80A8B9E1615BF94C /* HealthPulse */ = {
			isa = PBXNativeTarget;
			buildConfigurationList = A821E9D0E5B8B38615243BCF /* Build configuration list for PBXNativeTarget "HealthPulse" */;
			buildPhases = (
				0C59E4C92ACCE1A18AAB3B33 /* Sources */,
				FA12345678ABCDEF12345603 /* Frameworks */,
				BCFD628216D2227F4107402C /* Resources */,
			);
			buildRules = (
			);
			dependencies = (
			);
			name = HealthPulse;
			packageProductDependencies = (
				FA12345678ABCDEF12345601 /* FirebaseAnalytics */,
				FA12345678ABCDEF12345611 /* FirebaseRemoteConfig */,
			);
			productName = HealthPulse;
			productReference = 65E5978C39EAFBDCEECA6DA6 /* HealthPulse.app */;
			productType = "com.apple.product-type.application";
		};
/* End PBXNativeTarget section */

/* Begin PBXProject section */
		A0999A277A055E4CFCBB5F7A /* Project object */ = {
			isa = PBXProject;
			attributes = {
				BuildIndependentTargetsInParallel = YES;
				LastUpgradeCheck = 1500;
				TargetAttributes = {
					AAF1174C80A8B9E1615BF94C = {
						SystemCapabilities = {
							com.apple.BackgroundModes = {
								enabled = YES;
							};
							com.apple.HealthKit = {
								enabled = YES;
							};
							com.apple.iCloud = {
								enabled = YES;
							};
							com.apple.Siri = {
								enabled = YES;
							};
						};
					};
				};
			};
			buildConfigurationList = C6DF48430DE2D132A96B06C6 /* Build configuration list for PBXProject "Laso" */;
			compatibilityVersion = "Xcode 14.0";
			developmentRegion = en;
			hasScannedForEncodings = 0;
			knownRegions = (
				Base,
				en,
			);
			mainGroup = F3DDC9B586E57614CABF0418;
			minimizedProjectReferenceProxies = 1;
			packageReferences = (
				FB12345678ABCDEF12345601 /* XCRemoteSwiftPackageReference "firebase-ios-sdk" */,
			);
			projectDirPath = "";
			projectRoot = "";
			targets = (
				AAF1174C80A8B9E1615BF94C /* HealthPulse */,
			);
		};
/* End PBXProject section */

/* Begin PBXResourcesBuildPhase section */
		BCFD628216D2227F4107402C /* Resources */ = {
			isa = PBXResourcesBuildPhase;
			buildActionMask = 2147483647;
			files = (
				C993BD032930C85C51752FED /* Assets.xcassets in Resources */,
				72CBF61AECB1A877DA61CE93 /* GoogleService-Info.plist in Resources */,
				F479062A1BBC6C0917707709 /* PrivacyInfo.xcprivacy in Resources */,
				10D0C08519F277EF7FBC3741 /* values.txt in Resources */,
			);
			runOnlyForDeploymentPostprocessing = 0;
		};
/* End PBXResourcesBuildPhase section */

/* Begin PBXSourcesBuildPhase section */
		0C59E4C92ACCE1A18AAB3B33 /* Sources */ = {
			isa = PBXSourcesBuildPhase;
			buildActionMask = 2147483647;
			files = (
				C4AFC00F7BE2F2026D3F4D68 /* ActionCard.swift in Sources */,
				000401FF0AADED40B01657D4 /* ActionCardsSection.swift in Sources */,
				A3D387E5C8702DB2CEDB690D /* AlertEvaluator.swift in Sources */,
				099BF19D125B7D14164B3320 /* AnalysisEngine.swift in Sources */,
				752AE6A2E42E9E62A8144A0B /* AnomalyDetector.swift in Sources */,
				D4C63D2A9E928736C1CD6040 /* AppAnalytics.swift in Sources */,
				A83908D9EE2AE59D575C250C /* AppDelegate.swift in Sources */,
				ED365DC524595A3E75820B9B /* AppTab.swift in Sources */,
				7898769248ED9E10E011A532 /* BaselineCalculator.swift in Sources */,
				ANL00100000000000000005 /* BaselineDriftDetector.swift in Sources */,
				CD96EC9A0B58F0BAE56675FD /* BodyInsightsSection.swift in Sources */,
				4DF5FD88DB54D5B9C4A211D6 /* CategoryDetailView.swift in Sources */,
				6DCB867FBD31DCCBDECF9C52 /* CategoryDetailViewModel.swift in Sources */,
				B95A601E010A5216E6976D8F /* ChartJSBundle.swift in Sources */,
				8465B9DFD8DD5C20924D8BE4 /* CoachGreetingView.swift in Sources */,
				51540B41FFE167D3C050C23F /* CoachGoalsSection.swift in Sources */,
				1DA2246CF2944D4B84D8A733 /* Collection+Statistics.swift in Sources */,
				F0718385055A5C796633EE10 /* ConnectedDeviceInfo.swift in Sources */,
				35739B15E146FD7C5DD05500 /* ConnectedDevicesView.swift in Sources */,
				5A6CE414C3B27FB2666E9C4A /* ConnectedDevicesViewModel.swift in Sources */,
				510B39210FAAFFF763751001 /* ContentView.swift in Sources */,
				1BEC02160204DA5E0F275D8D /* CorrelationAnalyzer.swift in Sources */,
				62E1A4B87C3D95F0A6D82B1E /* CorrelationsSection.swift in Sources */,
				3C8D1F52E6B4A70938DC5E7B /* CorrelationsView.swift in Sources */,
				AAD4C0915EACE9877AE53731 /* CustomTabBar.swift in Sources */,
				D9B616C68A9D620FCD634DD6 /* DailySummaryScheduler.swift in Sources */,
				407D1A5EA7E94FC63EF684A7 /* DashboardViewModel.swift in Sources */,
				DD665ED61DC41E5020E97D74 /* DataSourceBadge.swift in Sources */,
				0F936D71A6745AAD2BF214E5 /* Date+Extensions.swift in Sources */,
				F3ADAAE50EB935144DD0AED0 /* DeviceDetailView.swift in Sources */,
				44668A325618FCCEEAD03601 /* DeviceSetupGuideView.swift in Sources */,
				C611E934A36A23C81BBDDD8B /* DeviceSourceManager.swift in Sources */,
				DSC00100000000000000002 /* Discovery.swift in Sources */,
				DSC00100000000000000004 /* DiscoveryEngine.swift in Sources */,
				DSC00100000000000000006 /* DiscoveryView.swift in Sources */,
				SEC00100000000000000002 /* EncryptedStore.swift in Sources */,
				42878B22DB80B2F30672FE3E /* ExploreView.swift in Sources */,
				571C07FA430DAA198FC73588 /* FeedbackPromptManager.swift in Sources */,
				052004385F335A3BC351DDC0 /* FeedbackSheet.swift in Sources */,
				114255FEDB7FDC29E8208926 /* FocusAreasSection.swift in Sources */,
				11973D668784A8CF7FDAE2B2 /* FrequencyCapManager.swift in Sources */,
				A4B2B919FB3D1957C58AF899 /* HTMLReportGenerator.swift in Sources */,
				F50F037FBB87C39594B74063 /* HealthCategory.swift in Sources */,
				CB0010000000000000000001 /* BackupPayload.swift in Sources */,
				CB0010000000000000000002 /* CloudBackupManager.swift in Sources */,
				B4A1C2D3E4F5061728394A5B /* HealthDataStore.swift in Sources */,
				BB7EEBB01BA59E9241710A96 /* HealthKitManager.swift in Sources */,
				FD40DB932CA77AD50E94E81D /* HealthKitMetricRegistry.swift in Sources */,
				1978792F2C4D3FD0F8E045F8 /* HealthKitQueryBuilder.swift in Sources */,
				84D0FD3CD9218F371D32A81F /* HealthMetric.swift in Sources */,
				F6025BFDFF8FE702319AE9A7 /* HealthPulseApp.swift in Sources */,
				CD6A786F424A1EDAD8C0915B /* HealthRisk.swift in Sources */,
				5BE953C2CB157CC61AA66EA3 /* HealthRiskDetailView.swift in Sources */,
				DF2F2BDB18160AE458E6911A /* HealthRiskEngine.swift in Sources */,
				8B3F62D1A4C97E05F1B286CA /* HealthCorrelation.swift in Sources */,
				3666EC6E2CD0DBD8DCC5600D /* HealthScore.swift in Sources */,
				B873E7ECCE3F6F37CDC4311B /* HealthScoreRing.swift in Sources */,
				445CBC6724623FC3ADE412BB /* HealthScorer.swift in Sources */,
				336798DBA725DB5F6CA4750A /* HomeView.swift in Sources */,
				BB6797AF7093F2DBF7EF1DC7 /* Insight.swift in Sources */,
				FFCF2BEF13D3B81A68D9EF3B /* InsightCard.swift in Sources */,
				D5E6F7A8B9C0D5E6F7A80002 /* DesignSystem.swift in Sources */,
				7A60C76E99D1878A23B6A18E /* InsightGenerator.swift in Sources */,
				BD2A1EF7B9AC522C9B4A8705 /* InsightsDetailView.swift in Sources */,
				5C297BDDFF5374E7525051EC /* LiveView.swift in Sources */,
				23946B348164F26310BFDC6A /* LiveViewModel.swift in Sources */,
				B2E9DCA1991FB5FB0A1BD8B6 /* LoadingView.swift in Sources */,
				ANL00100000000000000006 /* MultiMetricClusterAnalyzer.swift in Sources */,
				HST00100000000000000002 /* HistoricalAnalyzer.swift in Sources */,
				IEW00100000000000000002 /* IllnessEarlyWarning.swift in Sources */,
				CMA00100000000000000002 /* CrossMetricAnomalyDetector.swift in Sources */,
				CCE00100000000000000002 /* CausalChainEngine.swift in Sources */,
				CEA00100000000000000002 /* CognitiveEnergyAnalyzer.swift in Sources */,
				92BC085F0F66295F8221BE88 /* MetricChartView.swift in Sources */,
				A7CB64E2140A793DD0258993 /* MetricDetailView.swift in Sources */,
				A7CB64E2140A793DD0259001 /* MetricLogSheet.swift in Sources */,
				202D80E10EC59F9CFC4DAEA0 /* MetricDetailViewModel.swift in Sources */,
				9CD90616A76A0279E781C75B /* MetricSample.swift in Sources */,
				3C26F7D4A54DF11714EA0B4C /* MetricTimeSeries.swift in Sources */,
				C1B5D5B3C703FD2727EFE5A0 /* NotificationManager.swift in Sources */,
				FD5174EF7814834BE4FDB853 /* NotificationPreferences.swift in Sources */,
				4C74C8095C6D8CCC4A992123 /* PatternCard.swift in Sources */,
				A3EE20518D6FA4A81069FC5D /* PeriodSummarySection.swift in Sources */,
				5BBF461D49DC29339CA792EE /* PersistenceManager.swift in Sources */,
				C09FBA6AB73AE7FF59FAA9A6 /* PersonalRecordAnalyzer.swift in Sources */,
				PRO00100000000000000002 /* ProFeatureOverlay.swift in Sources */,
				642B207288AEA3FFD5B0BC63 /* RecoveryAnalyzer.swift in Sources */,
				0825D70B8EA6433B2925AB1B /* ReportTemplate.swift in Sources */,
				1EEEA8E3541DF51EE16406F7 /* RulesConfiguration.swift in Sources */,
				2AC136549CE3925D58832F4B /* SampleDataProvider.swift in Sources */,
				ANL00100000000000000004 /* ScoreTrajectoryAnalyzer.swift in Sources */,
				2E52654793C791C7D17290E1 /* SessionTracker.swift in Sources */,
				0ABED1C74BED10F14598826D /* SettingsView.swift in Sources */,
				2241B5EFAC0AF4DE9F2720B5 /* Severity.swift in Sources */,
				80026655386670641F71E54A /* SeverityBadge.swift in Sources */,
				02088209531D7F8203143BBE /* SleepCard.swift in Sources */,
				3232F287CD8399F46204F71B /* SleepPerformanceAnalyzer.swift in Sources */,
				8301D008755999181C847054 /* StatisticsGrid.swift in Sources */,
				96BBA163882B87B9A552E1E7 /* SupportedDevice.swift in Sources */,
				1F95B8D564A0F94153271103 /* TimeRangeSelector.swift in Sources */,
				BFB56FD64DA4AB39B1E40BA3 /* TimeSeriesAligner.swift in Sources */,
				3DF5BB8E4DDDC949216EDAD5 /* TrendAnalyzer.swift in Sources */,
				FDDD14EED24B7DFA348D415B /* TrendBadge.swift in Sources */,
				5785F68CE414ADA7941A8C52 /* TrendDirection.swift in Sources */,
				589D2FED91E1EB48EFAC6261 /* UserBaseline.swift in Sources */,
				04EE4360E3E7921F23FE58C9 /* WebExportViewModel.swift in Sources */,
				6B68269A12B583505AC4B013 /* WeeklyPatternAnalyzer.swift in Sources */,
				B1A2C3D4E5F60718A9B0C1D2 /* WeeklyChallenge.swift in Sources */,
				C2B3D4E5F6071829B0C1D2E3 /* WeeklyReviewViewModel.swift in Sources */,
				RC0V01D3E5F6071812345001 /* RecoveryInfoSheet.swift in Sources */,
				SC0G01D3E5F6071812345001 /* ScoreGuideSheet.swift in Sources */,
				D3C4E5F607182A30C1D2E3F4 /* WeeklyReviewView.swift in Sources */,
				4E605AB07A30B9DC850D70B0 /* WeeklySummaryScheduler.swift in Sources */,
				E1A2B3C4D5E6F7081234ABCE /* WatchMonitor.swift in Sources */,
				RE0010000000000000000002 /* ReengagementScheduler.swift in Sources */,
				SI0010000000000000000002 /* HealthScoreIntent.swift in Sources */,
				SI0020000000000000000002 /* LogWaterIntent.swift in Sources */,
				SI0030000000000000000002 /* SleepSummaryIntent.swift in Sources */,
				SI0040000000000000000002 /* ReadinessIntent.swift in Sources */,
				SI0050000000000000000002 /* ShowTrendsIntent.swift in Sources */,
				SI0060000000000000000002 /* LogWorkoutIntent.swift in Sources */,
				SI0070000000000000000002 /* WorkoutTypeAppEnum.swift in Sources */,
				SI0080000000000000000002 /* IntentSnippetViews.swift in Sources */,
				SI0090000000000000000002 /* IntentDataProvider.swift in Sources */,
				SI0100000000000000000002 /* IntentDonationManager.swift in Sources */,
				SI0110000000000000000002 /* HealthPulseShortcutsProvider.swift in Sources */,
				A2EBB41C493BD4BCF809BA7A /* WorkoutEffectivenessAnalyzer.swift in Sources */,
				A1D93F47B8E62C10D4F5A7B2 /* OnboardingView.swift in Sources */,
				A1B2C3D4E5F6071812345006 /* PaywallView.swift in Sources */,
				A1B2C3D4E5F6A1B2C3D40002 /* AppKeys.swift in Sources */,
				A1B2C3D4E5F6A1B2C3D40004 /* FeatureGate.swift in Sources */,
				A1B2C3D4E5F6071812345009 /* RemoteConfigManager.swift in Sources */,
				A1B2C3D4E5F6A1B2C3D40006 /* ThermalManager.swift in Sources */,
				A1B2C3D4E5F6071812345004 /* SubscriptionConfig.swift in Sources */,
				A1B2C3D4E5F6071812345002 /* SubscriptionManager.swift in Sources */,
				ML0010000000000000000012 /* AccelerateHelpers.swift in Sources */,
				ML0010000000000000000015 /* AdaptiveAnomalyDetector.swift in Sources */,
				ML0010000000000000000017 /* CorrelationDiscovery.swift in Sources */,
				ML0010000000000000000013 /* FeatureEngine.swift in Sources */,
				ML0010000000000000000018 /* HealthStateClassifier.swift in Sources */,
				ML001000000000000000001A /* MLOrchestrator.swift in Sources */,
				ML0010000000000000000011 /* MLTypes.swift in Sources */,
				ML0010000000000000000016 /* PatternMiner.swift in Sources */,
				ML0010000000000000000019 /* PredictiveScorer.swift in Sources */,
				ML0010000000000000000014 /* TimeSeriesForecaster.swift in Sources */,
				STK0020000000000000000B /* SectionTracker.swift in Sources */,
				REV0020000000000000000B /* RecommendationEvaluator.swift in Sources */,
				NTO0020000000000000000B /* NotificationOptimizer.swift in Sources */,
				MIS0020000000000000001B /* HealthStateTimelineViewModel.swift in Sources */,
				MIS0020000000000000002B /* SimulationViewModel.swift in Sources */,
				MIS0020000000000000003B /* ClinicalIntelligence.swift in Sources */,
				MIS0020000000000000004B /* NutritionCorrelationAnalyzer.swift in Sources */,
				MIS0020000000000000005B /* AdherenceTracker.swift in Sources */,
				MIS0020000000000000006B /* SimulationEngine.swift in Sources */,
				MIS0020000000000000007B /* SimulationTypes.swift in Sources */,
				MIS0020000000000000008B /* ROIRanker.swift in Sources */,
				MIS0020000000000000009B /* AdherenceRecord.swift in Sources */,
				MIS002000000000000000AB /* SimulationView.swift in Sources */,
				MIS002000000000000000BB /* HealthStateTimelineView.swift in Sources */,
				CIR0020000000000000000B /* CircadianAnalyzer.swift in Sources */,
				ECG0020000000000000001B /* StoredECGFeatures.swift in Sources */,
				ECG0020000000000000002B /* ECGDataManager.swift in Sources */,
				ECG0020000000000000003B /* ECGFeatureExtractor.swift in Sources */,
				ECG0020000000000000004B /* ECGIntelligence.swift in Sources */,
			);
			runOnlyForDeploymentPostprocessing = 0;
		};
/* End PBXSourcesBuildPhase section */

/* Begin XCBuildConfiguration section */
		0971BD436F5E2BE8D35D8478 /* Debug */ = {
			isa = XCBuildConfiguration;
			buildSettings = {
				ALWAYS_SEARCH_USER_PATHS = NO;
				CLANG_ANALYZER_NONNULL = YES;
				CLANG_ANALYZER_NUMBER_OBJECT_CONVERSION = YES_AGGRESSIVE;
				CLANG_CXX_LANGUAGE_STANDARD = "gnu++14";
				CLANG_CXX_LIBRARY = "libc++";
				CLANG_ENABLE_MODULES = YES;
				CLANG_ENABLE_OBJC_ARC = YES;
				CLANG_ENABLE_OBJC_WEAK = YES;
				CLANG_WARN_BLOCK_CAPTURE_AUTORELEASING = YES;
				CLANG_WARN_BOOL_CONVERSION = YES;
				CLANG_WARN_COMMA = YES;
				CLANG_WARN_CONSTANT_CONVERSION = YES;
				CLANG_WARN_DEPRECATED_OBJC_IMPLEMENTATIONS = YES;
				CLANG_WARN_DIRECT_OBJC_ISA_USAGE = YES_ERROR;
				CLANG_WARN_DOCUMENTATION_COMMENTS = YES;
				CLANG_WARN_EMPTY_BODY = YES;
				CLANG_WARN_ENUM_CONVERSION = YES;
				CLANG_WARN_INFINITE_RECURSION = YES;
				CLANG_WARN_INT_CONVERSION = YES;
				CLANG_WARN_NON_LITERAL_NULL_CONVERSION = YES;
				CLANG_WARN_OBJC_IMPLICIT_RETAIN_SELF = YES;
				CLANG_WARN_OBJC_LITERAL_CONVERSION = YES;
				CLANG_WARN_OBJC_ROOT_CLASS = YES_ERROR;
				CLANG_WARN_QUOTED_INCLUDE_IN_FRAMEWORK_HEADER = YES;
				CLANG_WARN_RANGE_LOOP_ANALYSIS = YES;
				CLANG_WARN_STRICT_PROTOTYPES = YES;
				CLANG_WARN_SUSPICIOUS_MOVE = YES;
				CLANG_WARN_UNGUARDED_AVAILABILITY = YES_AGGRESSIVE;
				CLANG_WARN_UNREACHABLE_CODE = YES;
				CLANG_WARN__DUPLICATE_METHOD_MATCH = YES;
				COPY_PHASE_STRIP = NO;
				DEBUG_INFORMATION_FORMAT = dwarf;
				ENABLE_STRICT_OBJC_MSGSEND = YES;
				ENABLE_TESTABILITY = YES;
				GCC_C_LANGUAGE_STANDARD = gnu11;
				GCC_DYNAMIC_NO_PIC = NO;
				GCC_NO_COMMON_BLOCKS = YES;
				GCC_OPTIMIZATION_LEVEL = 0;
				GCC_PREPROCESSOR_DEFINITIONS = (
					"$(inherited)",
					"DEBUG=1",
				);
				GCC_WARN_64_TO_32_BIT_CONVERSION = YES;
				GCC_WARN_ABOUT_RETURN_TYPE = YES_ERROR;
				GCC_WARN_UNDECLARED_SELECTOR = YES;
				GCC_WARN_UNINITIALIZED_AUTOS = YES_AGGRESSIVE;
				GCC_WARN_UNUSED_FUNCTION = YES;
				GCC_WARN_UNUSED_VARIABLE = YES;
				IPHONEOS_DEPLOYMENT_TARGET = 17.0;
				MTL_ENABLE_DEBUG_INFO = INCLUDE_SOURCE;
				MTL_FAST_MATH = YES;
				ONLY_ACTIVE_ARCH = YES;
				PRODUCT_NAME = "$(TARGET_NAME)";
				SDKROOT = iphoneos;
				SWIFT_ACTIVE_COMPILATION_CONDITIONS = DEBUG;
				SWIFT_OPTIMIZATION_LEVEL = "-Onone";
				SWIFT_VERSION = 5.9;
			};
			name = Debug;
		};
		2A0C6BCA03FECEA251E0E9BD /* Release */ = {
			isa = XCBuildConfiguration;
			buildSettings = {
				ALWAYS_SEARCH_USER_PATHS = NO;
				CLANG_ANALYZER_NONNULL = YES;
				CLANG_ANALYZER_NUMBER_OBJECT_CONVERSION = YES_AGGRESSIVE;
				CLANG_CXX_LANGUAGE_STANDARD = "gnu++14";
				CLANG_CXX_LIBRARY = "libc++";
				CLANG_ENABLE_MODULES = YES;
				CLANG_ENABLE_OBJC_ARC = YES;
				CLANG_ENABLE_OBJC_WEAK = YES;
				CLANG_WARN_BLOCK_CAPTURE_AUTORELEASING = YES;
				CLANG_WARN_BOOL_CONVERSION = YES;
				CLANG_WARN_COMMA = YES;
				CLANG_WARN_CONSTANT_CONVERSION = YES;
				CLANG_WARN_DEPRECATED_OBJC_IMPLEMENTATIONS = YES;
				CLANG_WARN_DIRECT_OBJC_ISA_USAGE = YES_ERROR;
				CLANG_WARN_DOCUMENTATION_COMMENTS = YES;
				CLANG_WARN_EMPTY_BODY = YES;
				CLANG_WARN_ENUM_CONVERSION = YES;
				CLANG_WARN_INFINITE_RECURSION = YES;
				CLANG_WARN_INT_CONVERSION = YES;
				CLANG_WARN_NON_LITERAL_NULL_CONVERSION = YES;
				CLANG_WARN_OBJC_IMPLICIT_RETAIN_SELF = YES;
				CLANG_WARN_OBJC_LITERAL_CONVERSION = YES;
				CLANG_WARN_OBJC_ROOT_CLASS = YES_ERROR;
				CLANG_WARN_QUOTED_INCLUDE_IN_FRAMEWORK_HEADER = YES;
				CLANG_WARN_RANGE_LOOP_ANALYSIS = YES;
				CLANG_WARN_STRICT_PROTOTYPES = YES;
				CLANG_WARN_SUSPICIOUS_MOVE = YES;
				CLANG_WARN_UNGUARDED_AVAILABILITY = YES_AGGRESSIVE;
				CLANG_WARN_UNREACHABLE_CODE = YES;
				CLANG_WARN__DUPLICATE_METHOD_MATCH = YES;
				COPY_PHASE_STRIP = NO;
				DEBUG_INFORMATION_FORMAT = "dwarf-with-dsym";
				ENABLE_NS_ASSERTIONS = NO;
				ENABLE_STRICT_OBJC_MSGSEND = YES;
				GCC_C_LANGUAGE_STANDARD = gnu11;
				GCC_NO_COMMON_BLOCKS = YES;
				GCC_WARN_64_TO_32_BIT_CONVERSION = YES;
				GCC_WARN_ABOUT_RETURN_TYPE = YES_ERROR;
				GCC_WARN_UNDECLARED_SELECTOR = YES;
				GCC_WARN_UNINITIALIZED_AUTOS = YES_AGGRESSIVE;
				GCC_WARN_UNUSED_FUNCTION = YES;
				GCC_WARN_UNUSED_VARIABLE = YES;
				IPHONEOS_DEPLOYMENT_TARGET = 17.0;
				MTL_ENABLE_DEBUG_INFO = NO;
				MTL_FAST_MATH = YES;
				PRODUCT_NAME = "$(TARGET_NAME)";
				SDKROOT = iphoneos;
				SWIFT_COMPILATION_MODE = wholemodule;
				SWIFT_OPTIMIZATION_LEVEL = "-O";
				SWIFT_VERSION = 5.9;
			};
			name = Release;
		};
		323FD5AC9950A001980DFE7D /* Release */ = {
			isa = XCBuildConfiguration;
			buildSettings = {
				ASSETCATALOG_COMPILER_APPICON_NAME = AppIcon;
				ASSETCATALOG_COMPILER_GLOBAL_ACCENT_COLOR_NAME = AccentColor;
				CODE_SIGN_ENTITLEMENTS = HealthPulse.entitlements;
				CODE_SIGN_IDENTITY = "iPhone Developer";
				CURRENT_PROJECT_VERSION = 1;
				DEVELOPMENT_TEAM = S2MAH8X8JM;
				GENERATE_INFOPLIST_FILE = NO;
				INFOPLIST_FILE = Info.plist;
				INFOPLIST_KEY_CFBundleDisplayName = Laso;
				INFOPLIST_KEY_LSApplicationCategoryType = "public.app-category.healthcare-fitness";
				LD_RUNPATH_SEARCH_PATHS = (
					"$(inherited)",
					"@executable_path/Frameworks",
				);
				MARKETING_VERSION = 1.0.0;
				PRODUCT_BUNDLE_IDENTIFIER = com.lasohealth.app;
				SDKROOT = iphoneos;
				SWIFT_EMIT_LOC_STRINGS = YES;
				TARGETED_DEVICE_FAMILY = 1;
			};
			name = Release;
		};
		A6CCEBEE7074ACC9E76CC5BE /* Debug */ = {
			isa = XCBuildConfiguration;
			buildSettings = {
				ASSETCATALOG_COMPILER_APPICON_NAME = AppIcon;
				ASSETCATALOG_COMPILER_GLOBAL_ACCENT_COLOR_NAME = AccentColor;
				CODE_SIGN_ENTITLEMENTS = HealthPulse.entitlements;
				CODE_SIGN_IDENTITY = "iPhone Developer";
				CURRENT_PROJECT_VERSION = 1;
				DEVELOPMENT_TEAM = S2MAH8X8JM;
				GENERATE_INFOPLIST_FILE = NO;
				INFOPLIST_FILE = Info.plist;
				INFOPLIST_KEY_CFBundleDisplayName = Laso;
				INFOPLIST_KEY_LSApplicationCategoryType = "public.app-category.healthcare-fitness";
				LD_RUNPATH_SEARCH_PATHS = (
					"$(inherited)",
					"@executable_path/Frameworks",
				);
				MARKETING_VERSION = 1.0.0;
				PRODUCT_BUNDLE_IDENTIFIER = com.lasohealth.app;
				SDKROOT = iphoneos;
				SWIFT_EMIT_LOC_STRINGS = YES;
				TARGETED_DEVICE_FAMILY = 1;
			};
			name = Debug;
		};
/* End XCBuildConfiguration section */

/* Begin XCConfigurationList section */
		A821E9D0E5B8B38615243BCF /* Build configuration list for PBXNativeTarget "HealthPulse" */ = {
			isa = XCConfigurationList;
			buildConfigurations = (
				A6CCEBEE7074ACC9E76CC5BE /* Debug */,
				323FD5AC9950A001980DFE7D /* Release */,
			);
			defaultConfigurationIsVisible = 0;
			defaultConfigurationName = Debug;
		};
		C6DF48430DE2D132A96B06C6 /* Build configuration list for PBXProject "Laso" */ = {
			isa = XCConfigurationList;
			buildConfigurations = (
				0971BD436F5E2BE8D35D8478 /* Debug */,
				2A0C6BCA03FECEA251E0E9BD /* Release */,
			);
			defaultConfigurationIsVisible = 0;
			defaultConfigurationName = Debug;
		};
/* End XCConfigurationList section */

/* Begin XCRemoteSwiftPackageReference section */
		FB12345678ABCDEF12345601 /* XCRemoteSwiftPackageReference "firebase-ios-sdk" */ = {
			isa = XCRemoteSwiftPackageReference;
			repositoryURL = "https://github.com/firebase/firebase-ios-sdk.git";
			requirement = {
				kind = upToNextMajorVersion;
				minimumVersion = 11.0.0;
			};
		};
/* End XCRemoteSwiftPackageReference section */

/* Begin XCSwiftPackageProductDependency section */
		FA12345678ABCDEF12345601 /* FirebaseAnalytics */ = {
			isa = XCSwiftPackageProductDependency;
			package = FB12345678ABCDEF12345601 /* XCRemoteSwiftPackageReference "firebase-ios-sdk" */;
			productName = FirebaseAnalytics;
		};
		FA12345678ABCDEF12345611 /* FirebaseRemoteConfig */ = {
			isa = XCSwiftPackageProductDependency;
			package = FB12345678ABCDEF12345601 /* XCRemoteSwiftPackageReference "firebase-ios-sdk" */;
			productName = FirebaseRemoteConfig;
		};
/* End XCSwiftPackageProductDependency section */
	};
	rootObject = A0999A277A055E4CFCBB5F7A /* Project object */;
}
